PODS:
  - abseil/algorithm (0.20200225.0):
    - abseil/algorithm/algorithm (= 0.20200225.0)
    - abseil/algorithm/container (= 0.20200225.0)
  - abseil/algorithm/algorithm (0.20200225.0):
    - abseil/base/config
  - abseil/algorithm/container (0.20200225.0):
    - abseil/algorithm/algorithm
    - abseil/base/core_headers
    - abseil/meta/type_traits
  - abseil/base (0.20200225.0):
    - abseil/base/atomic_hook (= 0.20200225.0)
    - abseil/base/base (= 0.20200225.0)
    - abseil/base/base_internal (= 0.20200225.0)
    - abseil/base/bits (= 0.20200225.0)
    - abseil/base/config (= 0.20200225.0)
    - abseil/base/core_headers (= 0.20200225.0)
    - abseil/base/dynamic_annotations (= 0.20200225.0)
    - abseil/base/endian (= 0.20200225.0)
    - abseil/base/errno_saver (= 0.20200225.0)
    - abseil/base/exponential_biased (= 0.20200225.0)
    - abseil/base/log_severity (= 0.20200225.0)
    - abseil/base/malloc_internal (= 0.20200225.0)
    - abseil/base/periodic_sampler (= 0.20200225.0)
    - abseil/base/pretty_function (= 0.20200225.0)
    - abseil/base/raw_logging_internal (= 0.20200225.0)
    - abseil/base/spinlock_wait (= 0.20200225.0)
    - abseil/base/throw_delegate (= 0.20200225.0)
  - abseil/base/atomic_hook (0.20200225.0):
    - abseil/base/config
    - abseil/base/core_headers
  - abseil/base/base (0.20200225.0):
    - abseil/base/atomic_hook
    - abseil/base/base_internal
    - abseil/base/config
    - abseil/base/core_headers
    - abseil/base/dynamic_annotations
    - abseil/base/log_severity
    - abseil/base/raw_logging_internal
    - abseil/base/spinlock_wait
    - abseil/meta/type_traits
  - abseil/base/base_internal (0.20200225.0):
    - abseil/base/config
    - abseil/meta/type_traits
  - abseil/base/bits (0.20200225.0):
    - abseil/base/config
    - abseil/base/core_headers
  - abseil/base/config (0.20200225.0)
  - abseil/base/core_headers (0.20200225.0):
    - abseil/base/config
  - abseil/base/dynamic_annotations (0.20200225.0)
  - abseil/base/endian (0.20200225.0):
    - abseil/base/config
    - abseil/base/core_headers
  - abseil/base/errno_saver (0.20200225.0):
    - abseil/base/config
  - abseil/base/exponential_biased (0.20200225.0):
    - abseil/base/config
    - abseil/base/core_headers
  - abseil/base/log_severity (0.20200225.0):
    - abseil/base/config
    - abseil/base/core_headers
  - abseil/base/malloc_internal (0.20200225.0):
    - abseil/base/base
    - abseil/base/base_internal
    - abseil/base/config
    - abseil/base/core_headers
    - abseil/base/dynamic_annotations
    - abseil/base/raw_logging_internal
  - abseil/base/periodic_sampler (0.20200225.0):
    - abseil/base/core_headers
    - abseil/base/exponential_biased
  - abseil/base/pretty_function (0.20200225.0)
  - abseil/base/raw_logging_internal (0.20200225.0):
    - abseil/base/atomic_hook
    - abseil/base/config
    - abseil/base/core_headers
    - abseil/base/log_severity
  - abseil/base/spinlock_wait (0.20200225.0):
    - abseil/base/base_internal
    - abseil/base/core_headers
    - abseil/base/errno_saver
  - abseil/base/throw_delegate (0.20200225.0):
    - abseil/base/config
    - abseil/base/raw_logging_internal
  - abseil/container/compressed_tuple (0.20200225.0):
    - abseil/utility/utility
  - abseil/container/inlined_vector (0.20200225.0):
    - abseil/algorithm/algorithm
    - abseil/base/core_headers
    - abseil/base/throw_delegate
    - abseil/container/inlined_vector_internal
    - abseil/memory/memory
  - abseil/container/inlined_vector_internal (0.20200225.0):
    - abseil/base/core_headers
    - abseil/container/compressed_tuple
    - abseil/memory/memory
    - abseil/meta/type_traits
    - abseil/types/span
  - abseil/memory (0.20200225.0):
    - abseil/memory/memory (= 0.20200225.0)
  - abseil/memory/memory (0.20200225.0):
    - abseil/base/core_headers
    - abseil/meta/type_traits
  - abseil/meta (0.20200225.0):
    - abseil/meta/type_traits (= 0.20200225.0)
  - abseil/meta/type_traits (0.20200225.0):
    - abseil/base/config
  - abseil/numeric/int128 (0.20200225.0):
    - abseil/base/config
    - abseil/base/core_headers
  - abseil/strings/internal (0.20200225.0):
    - abseil/base/config
    - abseil/base/core_headers
    - abseil/base/endian
    - abseil/base/raw_logging_internal
    - abseil/meta/type_traits
  - abseil/strings/str_format (0.20200225.0):
    - abseil/strings/str_format_internal
  - abseil/strings/str_format_internal (0.20200225.0):
    - abseil/base/config
    - abseil/base/core_headers
    - abseil/meta/type_traits
    - abseil/numeric/int128
    - abseil/strings/strings
    - abseil/types/span
  - abseil/strings/strings (0.20200225.0):
    - abseil/base/base
    - abseil/base/bits
    - abseil/base/config
    - abseil/base/core_headers
    - abseil/base/endian
    - abseil/base/raw_logging_internal
    - abseil/base/throw_delegate
    - abseil/memory/memory
    - abseil/meta/type_traits
    - abseil/numeric/int128
    - abseil/strings/internal
  - abseil/time (0.20200225.0):
    - abseil/time/internal (= 0.20200225.0)
    - abseil/time/time (= 0.20200225.0)
  - abseil/time/internal (0.20200225.0):
    - abseil/time/internal/cctz (= 0.20200225.0)
  - abseil/time/internal/cctz (0.20200225.0):
    - abseil/time/internal/cctz/civil_time (= 0.20200225.0)
    - abseil/time/internal/cctz/time_zone (= 0.20200225.0)
  - abseil/time/internal/cctz/civil_time (0.20200225.0):
    - abseil/base/config
  - abseil/time/internal/cctz/time_zone (0.20200225.0):
    - abseil/base/config
    - abseil/time/internal/cctz/civil_time
  - abseil/time/time (0.20200225.0):
    - abseil/base/base
    - abseil/base/core_headers
    - abseil/base/raw_logging_internal
    - abseil/numeric/int128
    - abseil/strings/strings
    - abseil/time/internal/cctz/civil_time
    - abseil/time/internal/cctz/time_zone
  - abseil/types (0.20200225.0):
    - abseil/types/any (= 0.20200225.0)
    - abseil/types/bad_any_cast (= 0.20200225.0)
    - abseil/types/bad_any_cast_impl (= 0.20200225.0)
    - abseil/types/bad_optional_access (= 0.20200225.0)
    - abseil/types/bad_variant_access (= 0.20200225.0)
    - abseil/types/compare (= 0.20200225.0)
    - abseil/types/optional (= 0.20200225.0)
    - abseil/types/span (= 0.20200225.0)
    - abseil/types/variant (= 0.20200225.0)
  - abseil/types/any (0.20200225.0):
    - abseil/base/config
    - abseil/base/core_headers
    - abseil/meta/type_traits
    - abseil/types/bad_any_cast
    - abseil/utility/utility
  - abseil/types/bad_any_cast (0.20200225.0):
    - abseil/base/config
    - abseil/types/bad_any_cast_impl
  - abseil/types/bad_any_cast_impl (0.20200225.0):
    - abseil/base/config
    - abseil/base/raw_logging_internal
  - abseil/types/bad_optional_access (0.20200225.0):
    - abseil/base/config
    - abseil/base/raw_logging_internal
  - abseil/types/bad_variant_access (0.20200225.0):
    - abseil/base/config
    - abseil/base/raw_logging_internal
  - abseil/types/compare (0.20200225.0):
    - abseil/base/core_headers
    - abseil/meta/type_traits
  - abseil/types/optional (0.20200225.0):
    - abseil/base/base_internal
    - abseil/base/config
    - abseil/base/core_headers
    - abseil/memory/memory
    - abseil/meta/type_traits
    - abseil/types/bad_optional_access
    - abseil/utility/utility
  - abseil/types/span (0.20200225.0):
    - abseil/algorithm/algorithm
    - abseil/base/core_headers
    - abseil/base/throw_delegate
    - abseil/meta/type_traits
  - abseil/types/variant (0.20200225.0):
    - abseil/base/base_internal
    - abseil/base/config
    - abseil/base/core_headers
    - abseil/meta/type_traits
    - abseil/types/bad_variant_access
    - abseil/utility/utility
  - abseil/utility/utility (0.20200225.0):
    - abseil/base/base_internal
    - abseil/base/config
    - abseil/meta/type_traits
  - boost-for-react-native (1.63.0)
  - BoringSSL-GRPC (0.0.7):
    - BoringSSL-GRPC/Implementation (= 0.0.7)
    - BoringSSL-GRPC/Interface (= 0.0.7)
  - BoringSSL-GRPC/Implementation (0.0.7):
    - BoringSSL-GRPC/Interface (= 0.0.7)
  - BoringSSL-GRPC/Interface (0.0.7)
  - CocoaAsyncSocket (7.6.5)
  - DoubleConversion (1.1.6)
  - FBLazyVector (0.62.2)
  - FBReactNativeSpec (0.62.2):
    - Folly (= 2018.10.22.00)
    - RCTRequired (= 0.62.2)
    - RCTTypeSafety (= 0.62.2)
    - React-Core (= 0.62.2)
    - React-jsi (= 0.62.2)
    - ReactCommon/turbomodule/core (= 0.62.2)
  - Firebase/Auth (7.8.1):
    - Firebase/CoreOnly
    - FirebaseAuth (~> 7.8.0)
  - Firebase/CoreOnly (7.8.1):
    - FirebaseCore (= 7.8.0)
  - Firebase/Firestore (7.8.1):
    - Firebase/CoreOnly
    - FirebaseFirestore (~> 7.8.0)
  - Firebase/Storage (7.8.1):
    - Firebase/CoreOnly
    - FirebaseStorage (~> 7.8.0)
  - FirebaseAuth (7.8.0):
    - FirebaseCore (~> 7.0)
    - GoogleUtilities/AppDelegateSwizzler (~> 7.0)
    - GoogleUtilities/Environment (~> 7.0)
    - GTMSessionFetcher/Core (~> 1.4)
  - FirebaseCore (7.8.0):
    - FirebaseCoreDiagnostics (~> 7.4)
    - GoogleUtilities/Environment (~> 7.0)
    - GoogleUtilities/Logger (~> 7.0)
  - FirebaseCoreDiagnostics (7.8.0):
    - GoogleDataTransport (~> 8.0)
    - GoogleUtilities/Environment (~> 7.0)
    - GoogleUtilities/Logger (~> 7.0)
    - nanopb (~> 2.30907.0)
  - FirebaseFirestore (7.8.0):
    - abseil/algorithm (= 0.20200225.0)
    - abseil/base (= 0.20200225.0)
    - abseil/memory (= 0.20200225.0)
    - abseil/meta (= 0.20200225.0)
    - abseil/strings/strings (= 0.20200225.0)
    - abseil/time (= 0.20200225.0)
    - abseil/types (= 0.20200225.0)
    - FirebaseCore (~> 7.0)
    - "gRPC-C++ (~> 1.28.0)"
    - leveldb-library (~> 1.22)
    - nanopb (~> 2.30907.0)
  - FirebaseStorage (7.8.0):
    - FirebaseCore (~> 7.0)
    - GTMSessionFetcher/Core (~> 1.4)
  - Flipper (0.74.0):
    - Flipper-Folly (~> 2.5)
    - Flipper-RSocket (~> 1.3)
  - Flipper-DoubleConversion (1.1.7)
  - Flipper-Folly (2.5.1):
    - boost-for-react-native
    - Flipper-DoubleConversion
    - Flipper-Glog
    - libevent (~> 2.1.12)
    - OpenSSL-Universal (= 1.1.180)
  - Flipper-Glog (0.3.6)
  - Flipper-PeerTalk (0.0.4)
  - Flipper-RSocket (1.3.0):
    - Flipper-Folly (~> 2.5)
  - FlipperKit (0.74.0):
    - FlipperKit/Core (= 0.74.0)
  - FlipperKit/Core (0.74.0):
    - Flipper (~> 0.74.0)
    - FlipperKit/CppBridge
    - FlipperKit/FBCxxFollyDynamicConvert
    - FlipperKit/FBDefines
    - FlipperKit/FKPortForwarding
  - FlipperKit/CppBridge (0.74.0):
    - Flipper (~> 0.74.0)
  - FlipperKit/FBCxxFollyDynamicConvert (0.74.0):
    - Flipper-Folly (~> 2.5)
  - FlipperKit/FBDefines (0.74.0)
  - FlipperKit/FKPortForwarding (0.74.0):
    - CocoaAsyncSocket (~> 7.6)
    - Flipper-PeerTalk (~> 0.0.4)
  - FlipperKit/FlipperKitHighlightOverlay (0.74.0)
  - FlipperKit/FlipperKitLayoutPlugin (0.74.0):
    - FlipperKit/Core
    - FlipperKit/FlipperKitHighlightOverlay
    - FlipperKit/FlipperKitLayoutTextSearchable
    - YogaKit (~> 1.18)
  - FlipperKit/FlipperKitLayoutTextSearchable (0.74.0)
  - FlipperKit/FlipperKitNetworkPlugin (0.74.0):
    - FlipperKit/Core
  - FlipperKit/FlipperKitReactPlugin (0.74.0):
    - FlipperKit/Core
  - FlipperKit/FlipperKitUserDefaultsPlugin (0.74.0):
    - FlipperKit/Core
  - FlipperKit/SKIOSNetworkPlugin (0.74.0):
    - FlipperKit/Core
    - FlipperKit/FlipperKitNetworkPlugin
  - Folly (2018.10.22.00):
    - boost-for-react-native
    - DoubleConversion
    - Folly/Default (= 2018.10.22.00)
    - glog
  - Folly/Default (2018.10.22.00):
    - boost-for-react-native
    - DoubleConversion
    - glog
  - glog (0.3.5)
  - Google-Maps-iOS-Utils (2.1.0):
    - Google-Maps-iOS-Utils/Clustering (= 2.1.0)
    - Google-Maps-iOS-Utils/Geometry (= 2.1.0)
    - Google-Maps-iOS-Utils/Heatmap (= 2.1.0)
    - Google-Maps-iOS-Utils/QuadTree (= 2.1.0)
    - GoogleMaps
  - Google-Maps-iOS-Utils/Clustering (2.1.0):
    - Google-Maps-iOS-Utils/QuadTree
    - GoogleMaps
  - Google-Maps-iOS-Utils/Geometry (2.1.0):
    - GoogleMaps
  - Google-Maps-iOS-Utils/Heatmap (2.1.0):
    - Google-Maps-iOS-Utils/QuadTree
    - GoogleMaps
  - Google-Maps-iOS-Utils/QuadTree (2.1.0):
    - GoogleMaps
  - GoogleDataTransport (8.3.0):
    - GoogleUtilities/Environment (~> 7.2)
    - nanopb (~> 2.30907.0)
    - PromisesObjC (~> 1.2)
  - GoogleMaps (3.5.0):
    - GoogleMaps/Maps (= 3.5.0)
  - GoogleMaps/Base (3.5.0)
  - GoogleMaps/Maps (3.5.0):
    - GoogleMaps/Base
  - GoogleUtilities/AppDelegateSwizzler (7.3.1):
    - GoogleUtilities/Environment
    - GoogleUtilities/Logger
    - GoogleUtilities/Network
  - GoogleUtilities/Environment (7.3.1):
    - PromisesObjC (~> 1.2)
  - GoogleUtilities/Logger (7.3.1):
    - GoogleUtilities/Environment
  - GoogleUtilities/Network (7.3.1):
    - GoogleUtilities/Logger
    - "GoogleUtilities/NSData+zlib"
    - GoogleUtilities/Reachability
  - "GoogleUtilities/NSData+zlib (7.3.1)"
  - GoogleUtilities/Reachability (7.3.1):
    - GoogleUtilities/Logger
  - "gRPC-C++ (1.28.2)":
    - "gRPC-C++/Implementation (= 1.28.2)"
    - "gRPC-C++/Interface (= 1.28.2)"
  - "gRPC-C++/Implementation (1.28.2)":
    - abseil/container/inlined_vector (= 0.20200225.0)
    - abseil/memory/memory (= 0.20200225.0)
    - abseil/strings/str_format (= 0.20200225.0)
    - abseil/strings/strings (= 0.20200225.0)
    - abseil/types/optional (= 0.20200225.0)
    - "gRPC-C++/Interface (= 1.28.2)"
    - gRPC-Core (= 1.28.2)
  - "gRPC-C++/Interface (1.28.2)"
  - gRPC-Core (1.28.2):
    - gRPC-Core/Implementation (= 1.28.2)
    - gRPC-Core/Interface (= 1.28.2)
  - gRPC-Core/Implementation (1.28.2):
    - abseil/container/inlined_vector (= 0.20200225.0)
    - abseil/memory/memory (= 0.20200225.0)
    - abseil/strings/str_format (= 0.20200225.0)
    - abseil/strings/strings (= 0.20200225.0)
    - abseil/types/optional (= 0.20200225.0)
    - BoringSSL-GRPC (= 0.0.7)
    - gRPC-Core/Interface (= 1.28.2)
  - gRPC-Core/Interface (1.28.2)
  - GTMSessionFetcher/Core (1.5.0)
  - leveldb-library (1.22.1)
  - libevent (2.1.12)
  - nanopb (2.30907.0):
    - nanopb/decode (= 2.30907.0)
    - nanopb/encode (= 2.30907.0)
  - nanopb/decode (2.30907.0)
  - nanopb/encode (2.30907.0)
  - OneSignal (2.16.1)
  - OpenSSL-Universal (1.1.180)
  - PromisesObjC (1.2.12)
  - RCTRequired (0.62.2)
  - RCTTypeSafety (0.62.2):
    - FBLazyVector (= 0.62.2)
    - Folly (= 2018.10.22.00)
    - RCTRequired (= 0.62.2)
    - React-Core (= 0.62.2)
  - React (0.62.2):
    - React-Core (= 0.62.2)
    - React-Core/DevSupport (= 0.62.2)
    - React-Core/RCTWebSocket (= 0.62.2)
    - React-RCTActionSheet (= 0.62.2)
    - React-RCTAnimation (= 0.62.2)
    - React-RCTBlob (= 0.62.2)
    - React-RCTImage (= 0.62.2)
    - React-RCTLinking (= 0.62.2)
    - React-RCTNetwork (= 0.62.2)
    - React-RCTSettings (= 0.62.2)
    - React-RCTText (= 0.62.2)
    - React-RCTVibration (= 0.62.2)
  - React-Core (0.62.2):
    - Folly (= 2018.10.22.00)
    - glog
    - React-Core/Default (= 0.62.2)
    - React-cxxreact (= 0.62.2)
    - React-jsi (= 0.62.2)
    - React-jsiexecutor (= 0.62.2)
    - Yoga
  - React-Core/CoreModulesHeaders (0.62.2):
    - Folly (= 2018.10.22.00)
    - glog
    - React-Core/Default
    - React-cxxreact (= 0.62.2)
    - React-jsi (= 0.62.2)
    - React-jsiexecutor (= 0.62.2)
    - Yoga
  - React-Core/Default (0.62.2):
    - Folly (= 2018.10.22.00)
    - glog
    - React-cxxreact (= 0.62.2)
    - React-jsi (= 0.62.2)
    - React-jsiexecutor (= 0.62.2)
    - Yoga
  - React-Core/DevSupport (0.62.2):
    - Folly (= 2018.10.22.00)
    - glog
    - React-Core/Default (= 0.62.2)
    - React-Core/RCTWebSocket (= 0.62.2)
    - React-cxxreact (= 0.62.2)
    - React-jsi (= 0.62.2)
    - React-jsiexecutor (= 0.62.2)
    - React-jsinspector (= 0.62.2)
    - Yoga
  - React-Core/RCTActionSheetHeaders (0.62.2):
    - Folly (= 2018.10.22.00)
    - glog
    - React-Core/Default
    - React-cxxreact (= 0.62.2)
    - React-jsi (= 0.62.2)
    - React-jsiexecutor (= 0.62.2)
    - Yoga
  - React-Core/RCTAnimationHeaders (0.62.2):
    - Folly (= 2018.10.22.00)
    - glog
    - React-Core/Default
    - React-cxxreact (= 0.62.2)
    - React-jsi (= 0.62.2)
    - React-jsiexecutor (= 0.62.2)
    - Yoga
  - React-Core/RCTBlobHeaders (0.62.2):
    - Folly (= 2018.10.22.00)
    - glog
    - React-Core/Default
    - React-cxxreact (= 0.62.2)
    - React-jsi (= 0.62.2)
    - React-jsiexecutor (= 0.62.2)
    - Yoga
  - React-Core/RCTImageHeaders (0.62.2):
    - Folly (= 2018.10.22.00)
    - glog
    - React-Core/Default
    - React-cxxreact (= 0.62.2)
    - React-jsi (= 0.62.2)
    - React-jsiexecutor (= 0.62.2)
    - Yoga
  - React-Core/RCTLinkingHeaders (0.62.2):
    - Folly (= 2018.10.22.00)
    - glog
    - React-Core/Default
    - React-cxxreact (= 0.62.2)
    - React-jsi (= 0.62.2)
    - React-jsiexecutor (= 0.62.2)
    - Yoga
  - React-Core/RCTNetworkHeaders (0.62.2):
    - Folly (= 2018.10.22.00)
    - glog
    - React-Core/Default
    - React-cxxreact (= 0.62.2)
    - React-jsi (= 0.62.2)
    - React-jsiexecutor (= 0.62.2)
    - Yoga
  - React-Core/RCTSettingsHeaders (0.62.2):
    - Folly (= 2018.10.22.00)
    - glog
    - React-Core/Default
    - React-cxxreact (= 0.62.2)
    - React-jsi (= 0.62.2)
    - React-jsiexecutor (= 0.62.2)
    - Yoga
  - React-Core/RCTTextHeaders (0.62.2):
    - Folly (= 2018.10.22.00)
    - glog
    - React-Core/Default
    - React-cxxreact (= 0.62.2)
    - React-jsi (= 0.62.2)
    - React-jsiexecutor (= 0.62.2)
    - Yoga
  - React-Core/RCTVibrationHeaders (0.62.2):
    - Folly (= 2018.10.22.00)
    - glog
    - React-Core/Default
    - React-cxxreact (= 0.62.2)
    - React-jsi (= 0.62.2)
    - React-jsiexecutor (= 0.62.2)
    - Yoga
  - React-Core/RCTWebSocket (0.62.2):
    - Folly (= 2018.10.22.00)
    - glog
    - React-Core/Default (= 0.62.2)
    - React-cxxreact (= 0.62.2)
    - React-jsi (= 0.62.2)
    - React-jsiexecutor (= 0.62.2)
    - Yoga
  - React-CoreModules (0.62.2):
    - FBReactNativeSpec (= 0.62.2)
    - Folly (= 2018.10.22.00)
    - RCTTypeSafety (= 0.62.2)
    - React-Core/CoreModulesHeaders (= 0.62.2)
    - React-RCTImage (= 0.62.2)
    - ReactCommon/turbomodule/core (= 0.62.2)
  - React-cxxreact (0.62.2):
    - boost-for-react-native (= 1.63.0)
    - DoubleConversion
    - Folly (= 2018.10.22.00)
    - glog
    - React-jsinspector (= 0.62.2)
  - React-jsi (0.62.2):
    - boost-for-react-native (= 1.63.0)
    - DoubleConversion
    - Folly (= 2018.10.22.00)
    - glog
    - React-jsi/Default (= 0.62.2)
  - React-jsi/Default (0.62.2):
    - boost-for-react-native (= 1.63.0)
    - DoubleConversion
    - Folly (= 2018.10.22.00)
    - glog
  - React-jsiexecutor (0.62.2):
    - DoubleConversion
    - Folly (= 2018.10.22.00)
    - glog
    - React-cxxreact (= 0.62.2)
    - React-jsi (= 0.62.2)
  - React-jsinspector (0.62.2)
  - react-native-flipper (0.81.0):
    - React-Core
  - react-native-google-maps (0.27.1):
    - Google-Maps-iOS-Utils (= 2.1.0)
    - GoogleMaps (= 3.5.0)
    - React
  - react-native-maps (0.27.1):
    - React
  - react-native-onesignal (3.9.3):
    - OneSignal (= 2.16.1)
    - React (< 1.0.0, >= 0.13.0)
  - react-native-safe-area-context (3.2.0):
    - React-Core
  - React-RCTActionSheet (0.62.2):
    - React-Core/RCTActionSheetHeaders (= 0.62.2)
  - React-RCTAnimation (0.62.2):
    - FBReactNativeSpec (= 0.62.2)
    - Folly (= 2018.10.22.00)
    - RCTTypeSafety (= 0.62.2)
    - React-Core/RCTAnimationHeaders (= 0.62.2)
    - ReactCommon/turbomodule/core (= 0.62.2)
  - React-RCTBlob (0.62.2):
    - FBReactNativeSpec (= 0.62.2)
    - Folly (= 2018.10.22.00)
    - React-Core/RCTBlobHeaders (= 0.62.2)
    - React-Core/RCTWebSocket (= 0.62.2)
    - React-jsi (= 0.62.2)
    - React-RCTNetwork (= 0.62.2)
    - ReactCommon/turbomodule/core (= 0.62.2)
  - React-RCTImage (0.62.2):
    - FBReactNativeSpec (= 0.62.2)
    - Folly (= 2018.10.22.00)
    - RCTTypeSafety (= 0.62.2)
    - React-Core/RCTImageHeaders (= 0.62.2)
    - React-RCTNetwork (= 0.62.2)
    - ReactCommon/turbomodule/core (= 0.62.2)
  - React-RCTLinking (0.62.2):
    - FBReactNativeSpec (= 0.62.2)
    - React-Core/RCTLinkingHeaders (= 0.62.2)
    - ReactCommon/turbomodule/core (= 0.62.2)
  - React-RCTNetwork (0.62.2):
    - FBReactNativeSpec (= 0.62.2)
    - Folly (= 2018.10.22.00)
    - RCTTypeSafety (= 0.62.2)
    - React-Core/RCTNetworkHeaders (= 0.62.2)
    - ReactCommon/turbomodule/core (= 0.62.2)
  - React-RCTSettings (0.62.2):
    - FBReactNativeSpec (= 0.62.2)
    - Folly (= 2018.10.22.00)
    - RCTTypeSafety (= 0.62.2)
    - React-Core/RCTSettingsHeaders (= 0.62.2)
    - ReactCommon/turbomodule/core (= 0.62.2)
  - React-RCTText (0.62.2):
    - React-Core/RCTTextHeaders (= 0.62.2)
  - React-RCTVibration (0.62.2):
    - FBReactNativeSpec (= 0.62.2)
    - Folly (= 2018.10.22.00)
    - React-Core/RCTVibrationHeaders (= 0.62.2)
    - ReactCommon/turbomodule/core (= 0.62.2)
  - ReactCommon/callinvoker (0.62.2):
    - DoubleConversion
    - Folly (= 2018.10.22.00)
    - glog
    - React-cxxreact (= 0.62.2)
  - ReactCommon/turbomodule/core (0.62.2):
    - DoubleConversion
    - Folly (= 2018.10.22.00)
    - glog
    - React-Core (= 0.62.2)
    - React-cxxreact (= 0.62.2)
    - React-jsi (= 0.62.2)
    - ReactCommon/callinvoker (= 0.62.2)
  - RNCAsyncStorage (1.12.1):
    - React-Core
  - RNCMaskedView (0.1.10):
    - React
  - RNFBApp (11.1.2):
    - Firebase/CoreOnly (= 7.8.1)
    - React-Core
  - RNFBAuth (11.1.2):
    - Firebase/Auth (= 7.8.1)
    - React-Core
    - RNFBApp
  - RNFBFirestore (11.1.2):
    - Firebase/Firestore (= 7.8.1)
    - React-Core
    - RNFBApp
  - RNFBStorage (11.1.2):
    - Firebase/Storage (= 7.8.1)
    - React-Core
    - RNFBApp
  - RNGestureHandler (1.10.3):
    - React-Core
  - RNImageCropPicker (0.32.3):
    - React-Core
    - React-RCTImage
    - RNImageCropPicker/QBImagePickerController (= 0.32.3)
    - TOCropViewController
  - RNImageCropPicker/QBImagePickerController (0.32.3):
    - React-Core
    - React-RCTImage
    - TOCropViewController
  - RNReanimated (1.13.2):
    - React-Core
  - RNScreens (2.18.1):
    - React-Core
  - RNSVG (12.1.0):
    - React
  - RNVectorIcons (8.1.0):
    - React-Core
  - TOCropViewController (2.6.0)
  - Yoga (1.14.0)
  - YogaKit (1.18.1):
    - Yoga (~> 1.14)

DEPENDENCIES:
  - DoubleConversion (from `../node_modules/react-native/third-party-podspecs/DoubleConversion.podspec`)
  - FBLazyVector (from `../node_modules/react-native/Libraries/FBLazyVector`)
  - FBReactNativeSpec (from `../node_modules/react-native/Libraries/FBReactNativeSpec`)
  - Flipper (= 0.74.0)
  - Flipper-DoubleConversion (= 1.1.7)
  - Flipper-Folly (~> 2.1)
  - Flipper-Glog (= 0.3.6)
  - Flipper-PeerTalk (~> 0.0.4)
  - Flipper-RSocket (~> 1.0)
  - FlipperKit (= 0.74.0)
  - FlipperKit/Core (= 0.74.0)
  - FlipperKit/CppBridge (= 0.74.0)
  - FlipperKit/FBCxxFollyDynamicConvert (= 0.74.0)
  - FlipperKit/FBDefines (= 0.74.0)
  - FlipperKit/FKPortForwarding (= 0.74.0)
  - FlipperKit/FlipperKitHighlightOverlay (= 0.74.0)
  - FlipperKit/FlipperKitLayoutPlugin (= 0.74.0)
  - FlipperKit/FlipperKitLayoutTextSearchable (= 0.74.0)
  - FlipperKit/FlipperKitNetworkPlugin (= 0.74.0)
  - FlipperKit/FlipperKitReactPlugin (= 0.74.0)
  - FlipperKit/FlipperKitUserDefaultsPlugin (= 0.74.0)
  - FlipperKit/SKIOSNetworkPlugin (= 0.74.0)
  - Folly (from `../node_modules/react-native/third-party-podspecs/Folly.podspec`)
  - glog (from `../node_modules/react-native/third-party-podspecs/glog.podspec`)
  - Google-Maps-iOS-Utils
  - GoogleMaps
  - RCTRequired (from `../node_modules/react-native/Libraries/RCTRequired`)
  - RCTTypeSafety (from `../node_modules/react-native/Libraries/TypeSafety`)
  - React (from `../node_modules/react-native/`)
  - React-Core (from `../node_modules/react-native/`)
  - React-Core/DevSupport (from `../node_modules/react-native/`)
  - React-Core/RCTWebSocket (from `../node_modules/react-native/`)
  - React-CoreModules (from `../node_modules/react-native/React/CoreModules`)
  - React-cxxreact (from `../node_modules/react-native/ReactCommon/cxxreact`)
  - React-jsi (from `../node_modules/react-native/ReactCommon/jsi`)
  - React-jsiexecutor (from `../node_modules/react-native/ReactCommon/jsiexecutor`)
  - React-jsinspector (from `../node_modules/react-native/ReactCommon/jsinspector`)
  - react-native-flipper (from `../node_modules/react-native-flipper`)
  - react-native-google-maps (from `../node_modules/react-native-maps`)
  - react-native-maps (from `../node_modules/react-native-maps`)
  - react-native-onesignal (from `../node_modules/react-native-onesignal`)
  - react-native-safe-area-context (from `../node_modules/react-native-safe-area-context`)
  - React-RCTActionSheet (from `../node_modules/react-native/Libraries/ActionSheetIOS`)
  - React-RCTAnimation (from `../node_modules/react-native/Libraries/NativeAnimation`)
  - React-RCTBlob (from `../node_modules/react-native/Libraries/Blob`)
  - React-RCTImage (from `../node_modules/react-native/Libraries/Image`)
  - React-RCTLinking (from `../node_modules/react-native/Libraries/LinkingIOS`)
  - React-RCTNetwork (from `../node_modules/react-native/Libraries/Network`)
  - React-RCTSettings (from `../node_modules/react-native/Libraries/Settings`)
  - React-RCTText (from `../node_modules/react-native/Libraries/Text`)
  - React-RCTVibration (from `../node_modules/react-native/Libraries/Vibration`)
  - ReactCommon/callinvoker (from `../node_modules/react-native/ReactCommon`)
  - ReactCommon/turbomodule/core (from `../node_modules/react-native/ReactCommon`)
  - "RNCAsyncStorage (from `../node_modules/@react-native-community/async-storage`)"
  - "RNCMaskedView (from `../node_modules/@react-native-community/masked-view`)"
  - "RNFBApp (from `../node_modules/@react-native-firebase/app`)"
  - "RNFBAuth (from `../node_modules/@react-native-firebase/auth`)"
  - "RNFBFirestore (from `../node_modules/@react-native-firebase/firestore`)"
  - "RNFBStorage (from `../node_modules/@react-native-firebase/storage`)"
  - RNGestureHandler (from `../node_modules/react-native-gesture-handler`)
  - RNImageCropPicker (from `../node_modules/react-native-image-crop-picker`)
  - RNReanimated (from `../node_modules/react-native-reanimated`)
  - RNScreens (from `../node_modules/react-native-screens`)
  - RNSVG (from `../node_modules/react-native-svg`)
  - RNVectorIcons (from `../node_modules/react-native-vector-icons`)
  - Yoga (from `../node_modules/react-native/ReactCommon/yoga`)

SPEC REPOS:
  trunk:
    - abseil
    - boost-for-react-native
    - BoringSSL-GRPC
    - CocoaAsyncSocket
    - Firebase
    - FirebaseAuth
    - FirebaseCore
    - FirebaseCoreDiagnostics
    - FirebaseFirestore
    - FirebaseStorage
    - Flipper
    - Flipper-DoubleConversion
    - Flipper-Folly
    - Flipper-Glog
    - Flipper-PeerTalk
    - Flipper-RSocket
    - FlipperKit
    - Google-Maps-iOS-Utils
    - GoogleDataTransport
    - GoogleMaps
    - GoogleUtilities
    - "gRPC-C++"
    - gRPC-Core
    - GTMSessionFetcher
    - leveldb-library
    - libevent
    - nanopb
    - OneSignal
    - OpenSSL-Universal
    - PromisesObjC
    - TOCropViewController
    - YogaKit

EXTERNAL SOURCES:
  DoubleConversion:
    :podspec: "../node_modules/react-native/third-party-podspecs/DoubleConversion.podspec"
  FBLazyVector:
    :path: "../node_modules/react-native/Libraries/FBLazyVector"
  FBReactNativeSpec:
    :path: "../node_modules/react-native/Libraries/FBReactNativeSpec"
  Folly:
    :podspec: "../node_modules/react-native/third-party-podspecs/Folly.podspec"
  glog:
    :podspec: "../node_modules/react-native/third-party-podspecs/glog.podspec"
  RCTRequired:
    :path: "../node_modules/react-native/Libraries/RCTRequired"
  RCTTypeSafety:
    :path: "../node_modules/react-native/Libraries/TypeSafety"
  React:
    :path: "../node_modules/react-native/"
  React-Core:
    :path: "../node_modules/react-native/"
  React-CoreModules:
    :path: "../node_modules/react-native/React/CoreModules"
  React-cxxreact:
    :path: "../node_modules/react-native/ReactCommon/cxxreact"
  React-jsi:
    :path: "../node_modules/react-native/ReactCommon/jsi"
  React-jsiexecutor:
    :path: "../node_modules/react-native/ReactCommon/jsiexecutor"
  React-jsinspector:
    :path: "../node_modules/react-native/ReactCommon/jsinspector"
  react-native-flipper:
    :path: "../node_modules/react-native-flipper"
  react-native-google-maps:
    :path: "../node_modules/react-native-maps"
  react-native-maps:
    :path: "../node_modules/react-native-maps"
  react-native-onesignal:
    :path: "../node_modules/react-native-onesignal"
  react-native-safe-area-context:
    :path: "../node_modules/react-native-safe-area-context"
  React-RCTActionSheet:
    :path: "../node_modules/react-native/Libraries/ActionSheetIOS"
  React-RCTAnimation:
    :path: "../node_modules/react-native/Libraries/NativeAnimation"
  React-RCTBlob:
    :path: "../node_modules/react-native/Libraries/Blob"
  React-RCTImage:
    :path: "../node_modules/react-native/Libraries/Image"
  React-RCTLinking:
    :path: "../node_modules/react-native/Libraries/LinkingIOS"
  React-RCTNetwork:
    :path: "../node_modules/react-native/Libraries/Network"
  React-RCTSettings:
    :path: "../node_modules/react-native/Libraries/Settings"
  React-RCTText:
    :path: "../node_modules/react-native/Libraries/Text"
  React-RCTVibration:
    :path: "../node_modules/react-native/Libraries/Vibration"
  ReactCommon:
    :path: "../node_modules/react-native/ReactCommon"
  RNCAsyncStorage:
    :path: "../node_modules/@react-native-community/async-storage"
  RNCMaskedView:
    :path: "../node_modules/@react-native-community/masked-view"
  RNFBApp:
    :path: "../node_modules/@react-native-firebase/app"
  RNFBAuth:
    :path: "../node_modules/@react-native-firebase/auth"
  RNFBFirestore:
    :path: "../node_modules/@react-native-firebase/firestore"
  RNFBStorage:
    :path: "../node_modules/@react-native-firebase/storage"
  RNGestureHandler:
    :path: "../node_modules/react-native-gesture-handler"
  RNImageCropPicker:
    :path: "../node_modules/react-native-image-crop-picker"
  RNReanimated:
    :path: "../node_modules/react-native-reanimated"
  RNScreens:
    :path: "../node_modules/react-native-screens"
  RNSVG:
    :path: "../node_modules/react-native-svg"
  RNVectorIcons:
    :path: "../node_modules/react-native-vector-icons"
  Yoga:
    :path: "../node_modules/react-native/ReactCommon/yoga"

SPEC CHECKSUMS:
  abseil: 6c8eb7892aefa08d929b39f9bb108e5367e3228f
  boost-for-react-native: 39c7adb57c4e60d6c5479dd8623128eb5b3f0f2c
  BoringSSL-GRPC: 8edf627ee524575e2f8d19d56f068b448eea3879
  CocoaAsyncSocket: 065fd1e645c7abab64f7a6a2007a48038fdc6a99
  DoubleConversion: 5805e889d232975c086db112ece9ed034df7a0b2
  FBLazyVector: 4aab18c93cd9546e4bfed752b4084585eca8b245
  FBReactNativeSpec: 5465d51ccfeecb7faa12f9ae0024f2044ce4044e
  Firebase: d59ad4129167f9f0d2a4f6c1f0c462254b6002c8
  FirebaseAuth: 667e576a716f6f9fe31687791406f61135002d47
  FirebaseCore: 049029df3096e5c118917029be7da75ee16f3b1b
  FirebaseCoreDiagnostics: 066f996579cf097bdad3d7dc9a918d6b9e129c50
  FirebaseFirestore: f1ededef972dea136e88a7bae9732f52afe64221
  FirebaseStorage: 84d1eb7bfe8c3cbfe6beeeb02ce712f65dcb8b83
  Flipper: c1ad50344bffdce628b1906b48f6e7cd06724236
  Flipper-DoubleConversion: 38631e41ef4f9b12861c67d17cb5518d06badc41
  Flipper-Folly: f7a3caafbd74bda4827954fd7a6e000e36355489
  Flipper-Glog: 1dfd6abf1e922806c52ceb8701a3599a79a200a6
  Flipper-PeerTalk: 116d8f857dc6ef55c7a5a75ea3ceaafe878aadc9
  Flipper-RSocket: 602921fee03edacf18f5d6f3d3594ba477f456e5
  FlipperKit: f42987ea58737ac0fb3fbc38f8e703452ba56940
  Folly: 30e7936e1c45c08d884aa59369ed951a8e68cf51
  glog: 1f3da668190260b06b429bb211bfbee5cd790c28
  Google-Maps-iOS-Utils: c32891ff472eaaa1fca032beedafa1a013af7875
  GoogleDataTransport: b006084b73915a42c28a3466961a4edda3065da6
  GoogleMaps: 32ca02de09de357a10ac773f2c70f1986751392d
  GoogleUtilities: e1d9ed4e544fc32a93e00e721400cbc3f377200d
  "gRPC-C++": 13d8ccef97d5c3c441b7e3c529ef28ebee86fad2
  gRPC-Core: 4afa11bfbedf7cdecd04de535a9e046893404ed5
  GTMSessionFetcher: b3503b20a988c4e20cc189aa798fd18220133f52
  leveldb-library: 50c7b45cbd7bf543c81a468fe557a16ae3db8729
  libevent: 4049cae6c81cdb3654a443be001fb9bdceff7913
  nanopb: 59221d7f958fb711001e6a449489542d92ae113e
  OneSignal: 5f6514ec2b931306eb067acb124afbb2e49970af
  OpenSSL-Universal: 1aa4f6a6ee7256b83db99ec1ccdaa80d10f9af9b
  PromisesObjC: 3113f7f76903778cf4a0586bd1ab89329a0b7b97
  RCTRequired: cec6a34b3ac8a9915c37e7e4ad3aa74726ce4035
  RCTTypeSafety: 93006131180074cffa227a1075802c89a49dd4ce
  React: 29a8b1a02bd764fb7644ef04019270849b9a7ac3
  React-Core: b12bffb3f567fdf99510acb716ef1abd426e0e05
  React-CoreModules: 4a9b87bbe669d6c3173c0132c3328e3b000783d0
  React-cxxreact: e65f9c2ba0ac5be946f53548c1aaaee5873a8103
  React-jsi: b6dc94a6a12ff98e8877287a0b7620d365201161
  React-jsiexecutor: 1540d1c01bb493ae3124ed83351b1b6a155db7da
  React-jsinspector: 512e560d0e985d0e8c479a54a4e5c147a9c83493
  react-native-flipper: 558237babdf0ee5d5360ebac860d3a5d1d9fc133
  react-native-google-maps: 0a989abda71059db2caa98b9dacca7a8f38a47d0
  react-native-maps: f4b89da81626ad7f151a8bfcb79733295d31ce5c
  react-native-onesignal: f92b6fae16388422f1b5d73b2c31e7000f481ae8
  react-native-safe-area-context: f0906bf8bc9835ac9a9d3f97e8bde2a997d8da79
  React-RCTActionSheet: f41ea8a811aac770e0cc6e0ad6b270c644ea8b7c
  React-RCTAnimation: 49ab98b1c1ff4445148b72a3d61554138565bad0
  React-RCTBlob: a332773f0ebc413a0ce85942a55b064471587a71
  React-RCTImage: e70be9b9c74fe4e42d0005f42cace7981c994ac3
  React-RCTLinking: c1b9739a88d56ecbec23b7f63650e44672ab2ad2
  React-RCTNetwork: 73138b6f45e5a2768ad93f3d57873c2a18d14b44
  React-RCTSettings: 6e3738a87e21b39a8cb08d627e68c44acf1e325a
  React-RCTText: fae545b10cfdb3d247c36c56f61a94cfd6dba41d
  React-RCTVibration: 4356114dbcba4ce66991096e51a66e61eda51256
  ReactCommon: ed4e11d27609d571e7eee8b65548efc191116eb3
  RNCAsyncStorage: b03032fdbdb725bea0bd9e5ec5a7272865ae7398
  RNCMaskedView: 5a8ec07677aa885546a0d98da336457e2bea557f
  RNFBApp: bb830cc7f7598e46437b833adc841df345e19e2f
  RNFBAuth: d011f1b1a066a8bceba63c42369de9c5ce68de5e
  RNFBFirestore: 53c0bbc1903f039e791300bb821c55a0cf37bfb1
  RNFBStorage: 301038338b021e19080338cfc89662c7e8ac117d
  RNGestureHandler: a479ebd5ed4221a810967000735517df0d2db211
  RNImageCropPicker: 54e5ea3d0e298ed51e1441a2fa0a0e7c90ee256d
  RNReanimated: e03f7425cb7a38dcf1b644d680d1bfc91c3337ad
  RNScreens: f7ad633b2e0190b77b6a7aab7f914fad6f198d8d
  RNSVG: ce9d996113475209013317e48b05c21ee988d42e
  RNVectorIcons: 31cebfcf94e8cf8686eb5303ae0357da64d7a5a4
  TOCropViewController: 3105367e808b7d3d886a74ff59bf4804e7d3ab38
  Yoga: 3ebccbdd559724312790e7742142d062476b698e
  YogaKit: f782866e155069a2cca2517aafea43200b01fd5a

PODFILE CHECKSUM: 3e0ca73607cd6b00d7df3493c1cf0d3e305625d2

COCOAPODS: 1.10.1
