// !$*UTF8*$!
{
	archiveVersion = 1;
	classes = {
	};
	objectVersion = 46;
	objects = {

/* Begin PBXBuildFile section */
		008F9231B8CB47E89582FF0F /* Poppins-ExtraLightItalic.ttf in Resources */ = {isa = PBXBuildFile; fileRef = 7E66AD81966B40489DA31D8F /* Poppins-ExtraLightItalic.ttf */; };
		07E96E34D3F84905B1E2F63F /* Lato-Regular.ttf in Resources */ = {isa = PBXBuildFile; fileRef = 8D157A6DDBAD4BE08491741A /* Lato-Regular.ttf */; };
		0A73B523488E46FAA89230C3 /* Roboto-Regular.ttf in Resources */ = {isa = PBXBuildFile; fileRef = 88A084BF293347F99E60F7FE /* Roboto-Regular.ttf */; };
		0F50533EDE034C89883FF6DC /* Lato-Black.ttf in Resources */ = {isa = PBXBuildFile; fileRef = E285E0F3350D4BD28BFFF2BA /* Lato-Black.ttf */; };
		1126CAC3059F46689DBAB3F2 /* Poppins-Black.ttf in Resources */ = {isa = PBXBuildFile; fileRef = 08167CB634FC43E88C3215BF /* Poppins-Black.ttf */; };
		118D4DF1BE22471194AE86BD /* Poppins-MediumItalic.ttf in Resources */ = {isa = PBXBuildFile; fileRef = 19E9AB7F26E74C33A7CEF4C8 /* Poppins-MediumItalic.ttf */; };
		135FC5545EFC4C1990C0F44C /* Nunito-ExtraBold.ttf in Resources */ = {isa = PBXBuildFile; fileRef = D6DFA04377204D0887C4DAAE /* Nunito-ExtraBold.ttf */; };
		13B07FBC1A68108700A75B9A /* AppDelegate.m in Sources */ = {isa = PBXBuildFile; fileRef = 13B07FB01A68108700A75B9A /* AppDelegate.m */; };
		13B07FBD1A68108700A75B9A /* LaunchScreen.xib in Resources */ = {isa = PBXBuildFile; fileRef = 13B07FB11A68108700A75B9A /* LaunchScreen.xib */; };
		13B07FBF1A68108700A75B9A /* Images.xcassets in Resources */ = {isa = PBXBuildFile; fileRef = 13B07FB51A68108700A75B9A /* Images.xcassets */; };
		13B07FC11A68108700A75B9A /* main.m in Sources */ = {isa = PBXBuildFile; fileRef = 13B07FB71A68108700A75B9A /* main.m */; };
		15DA2DDFDF2143648EC440AD /* Oswald-Medium.ttf in Resources */ = {isa = PBXBuildFile; fileRef = BCEA616960484512965C2DDD /* Oswald-Medium.ttf */; };
		1B3A036F06B149888ECA3138 /* Roboto-ThinItalic.ttf in Resources */ = {isa = PBXBuildFile; fileRef = 5584432C47584987A4CDD170 /* Roboto-ThinItalic.ttf */; };
		1DD96051F0354896A7C8B50E /* Nunito-Bold.ttf in Resources */ = {isa = PBXBuildFile; fileRef = 32FAB24438074AAD8CD45778 /* Nunito-Bold.ttf */; };
		24055B9D9519413CA457C406 /* Oswald-Regular.ttf in Resources */ = {isa = PBXBuildFile; fileRef = B2E30CA95E3F43FDB8360248 /* Oswald-Regular.ttf */; };
		2B109D8AF17A42AEA02DD87F /* Nunito-ExtraBoldItalic.ttf in Resources */ = {isa = PBXBuildFile; fileRef = 2FE23E6799034CC68D11186C /* Nunito-ExtraBoldItalic.ttf */; };
		2DAE3BE8E4E64CB6B2C55FE4 /* Poppins-LightItalic.ttf in Resources */ = {isa = PBXBuildFile; fileRef = 234D9BEAC95440C88D417A79 /* Poppins-LightItalic.ttf */; };
		31F4490C113D496BBB285B0E /* Roboto-LightItalic.ttf in Resources */ = {isa = PBXBuildFile; fileRef = 1E1BA78171A84EF282ED6AF8 /* Roboto-LightItalic.ttf */; };
		339A8CD4DB03448CBDD6260B /* Nunito-SemiBoldItalic.ttf in Resources */ = {isa = PBXBuildFile; fileRef = F6C125ABB5C74419967E305D /* Nunito-SemiBoldItalic.ttf */; };
		35B80A5E528B44639727F4C8 /* Nunito-Italic.ttf in Resources */ = {isa = PBXBuildFile; fileRef = 374A476E122F43ED801A5E18 /* Nunito-Italic.ttf */; };
		380BF644796B49A18E17BF39 /* Lato-Bold.ttf in Resources */ = {isa = PBXBuildFile; fileRef = 06F9FA34570A4C6E96AEFB1F /* Lato-Bold.ttf */; };
		3BB8FD120A53449884912CC1 /* Roboto-Thin.ttf in Resources */ = {isa = PBXBuildFile; fileRef = A2CDB49CC8B8490C9526B497 /* Roboto-Thin.ttf */; };
		48513E90F40542FCBCCDF855 /* Lato-Italic.ttf in Resources */ = {isa = PBXBuildFile; fileRef = 028EDB46129B4C2D8E4844AE /* Lato-Italic.ttf */; };
		502D588ECD87401382F54CC5 /* Roboto-Bold.ttf in Resources */ = {isa = PBXBuildFile; fileRef = C7CC59164E0C479BA200F33E /* Roboto-Bold.ttf */; };
		56C4F99130E44036ACF2522B /* Oswald-Light.ttf in Resources */ = {isa = PBXBuildFile; fileRef = 95357406EE2E49C78C89E728 /* Oswald-Light.ttf */; };
		58E8C1AB439E45E0A69CCC27 /* Poppins-ExtraBoldItalic.ttf in Resources */ = {isa = PBXBuildFile; fileRef = 9839A780AD134FD8AA7ADB61 /* Poppins-ExtraBoldItalic.ttf */; };
		5BF703CCD5894865AA1269F3 /* Roboto-MediumItalic.ttf in Resources */ = {isa = PBXBuildFile; fileRef = 37317F27EF974064AA31576C /* Roboto-MediumItalic.ttf */; };
		5F2A041C3844466992566D70 /* Poppins-Regular.ttf in Resources */ = {isa = PBXBuildFile; fileRef = 2B086EA489FB49C39059F178 /* Poppins-Regular.ttf */; };
		61F637ABE61F4004B70D7601 /* Oswald-SemiBold.ttf in Resources */ = {isa = PBXBuildFile; fileRef = 95D8AC837ABF4B279523070F /* Oswald-SemiBold.ttf */; };
		6A705972A4F747B7A042EF54 /* Poppins-Light.ttf in Resources */ = {isa = PBXBuildFile; fileRef = B7457D14D6C0457288938FD1 /* Poppins-Light.ttf */; };
		6BA78CCE344A4DCFBF556FEB /* Nunito-BlackItalic.ttf in Resources */ = {isa = PBXBuildFile; fileRef = 6329D6CA427844A48C94920A /* Nunito-BlackItalic.ttf */; };
		6E10F90DA3E94C669DC26899 /* Poppins-SemiBold.ttf in Resources */ = {isa = PBXBuildFile; fileRef = 64B5E97658A0468E93623D41 /* Poppins-SemiBold.ttf */; };
		7E8D3751665E49AC9BDA76E4 /* Poppins-BoldItalic.ttf in Resources */ = {isa = PBXBuildFile; fileRef = 48A86868732C497AAC04C5C2 /* Poppins-BoldItalic.ttf */; };
		7FC75D8DC3ED4027A13BD70D /* Poppins-Bold.ttf in Resources */ = {isa = PBXBuildFile; fileRef = 2DF6B6424CFF47CD954C648F /* Poppins-Bold.ttf */; };
		8013668A9FB54C5896995204 /* Poppins-ThinItalic.ttf in Resources */ = {isa = PBXBuildFile; fileRef = 3B394E55D64D49069081BEF5 /* Poppins-ThinItalic.ttf */; };
		8B00235531CB4EBE85FC3CBF /* Poppins-Thin.ttf in Resources */ = {isa = PBXBuildFile; fileRef = AA1DD23F2AE644529A75BB7F /* Poppins-Thin.ttf */; };
		8E671FB6219244759AE12F38 /* Poppins-ExtraBold.ttf in Resources */ = {isa = PBXBuildFile; fileRef = 0D471432B61C4B99BCC951DC /* Poppins-ExtraBold.ttf */; };
		9801D0C471854DFFBDE6A655 /* Nunito-ExtraLightItalic.ttf in Resources */ = {isa = PBXBuildFile; fileRef = 58612F3F294448CA91822850 /* Nunito-ExtraLightItalic.ttf */; };
		98C702393C4D4EED9594A830 /* Roboto-Black.ttf in Resources */ = {isa = PBXBuildFile; fileRef = AAB94AAC167A415C873A22ED /* Roboto-Black.ttf */; };
		9938ACF514094B4A8AC459CF /* Nunito-SemiBold.ttf in Resources */ = {isa = PBXBuildFile; fileRef = B666E8F9C4E24189BE7D09DE /* Nunito-SemiBold.ttf */; };
		A24E65429F434E5DBCD8808A /* Nunito-LightItalic.ttf in Resources */ = {isa = PBXBuildFile; fileRef = D7E84C1CF7DD412B8EF9C63A /* Nunito-LightItalic.ttf */; };
		A309F072C89B4A428FD9AA9E /* Roboto-BoldItalic.ttf in Resources */ = {isa = PBXBuildFile; fileRef = BE4F1C8D731F452C84DDE455 /* Roboto-BoldItalic.ttf */; };
		A6C4F4874786409FAE2CCB85 /* Lato-LightItalic.ttf in Resources */ = {isa = PBXBuildFile; fileRef = 431376BBCA83481B91FA7387 /* Lato-LightItalic.ttf */; };
		AB38DAB568D333E95440F0EF /* libPods-grabservices.a in Frameworks */ = {isa = PBXBuildFile; fileRef = 2260B4597E60913DCFB227FE /* libPods-grabservices.a */; };
		ABFB72E725A6442B933B63C7 /* Lato-ThinItalic.ttf in Resources */ = {isa = PBXBuildFile; fileRef = BDD30DB87F9A40639A6E03EE /* Lato-ThinItalic.ttf */; };
		B463BE712C7244108AB7494E /* Oswald-Bold.ttf in Resources */ = {isa = PBXBuildFile; fileRef = C4988431858E4419B548C80F /* Oswald-Bold.ttf */; };
		BF79356645B243EAB367D28B /* Nunito-Black.ttf in Resources */ = {isa = PBXBuildFile; fileRef = 59E2DE9EE4FC499DA725D50A /* Nunito-Black.ttf */; };
		C1D5C5CAE3564335990F1D82 /* Nunito-BoldItalic.ttf in Resources */ = {isa = PBXBuildFile; fileRef = 700BF88DA3D243B29BD3A8C8 /* Nunito-BoldItalic.ttf */; };
		C1FC2B6F91D54C85A2AF79FA /* Nunito-Light.ttf in Resources */ = {isa = PBXBuildFile; fileRef = D9B41FED038E47CABFA318D0 /* Nunito-Light.ttf */; };
		C2D55C64EABB4B6FBCD75672 /* Nunito-Regular.ttf in Resources */ = {isa = PBXBuildFile; fileRef = 0C67D696A4A746DD98014135 /* Nunito-Regular.ttf */; };
		CC654199CC854851A1556131 /* Roboto-BlackItalic.ttf in Resources */ = {isa = PBXBuildFile; fileRef = 989CE10B88344610820E80A8 /* Roboto-BlackItalic.ttf */; };
		CE96F04C5BF34B00BE7B40A4 /* Lato-Light.ttf in Resources */ = {isa = PBXBuildFile; fileRef = AF6F46BCA3EA4F6CB55203C5 /* Lato-Light.ttf */; };
		CF5459B643364D7DA7E8B24F /* Roboto-Light.ttf in Resources */ = {isa = PBXBuildFile; fileRef = 6284FE5C5C44486195CCBF0F /* Roboto-Light.ttf */; };
		D14C7D1B2649729A003B99EF /* GoogleService-Info.plist in Resources */ = {isa = PBXBuildFile; fileRef = D14C7D1A2649729A003B99EF /* GoogleService-Info.plist */; };
		D4AC7848916B4BB982ACFF4E /* Oswald-ExtraLight.ttf in Resources */ = {isa = PBXBuildFile; fileRef = C3AB75F7F7BC41D7BF8A5018 /* Oswald-ExtraLight.ttf */; };
		DA0BED0D4155415FA6E703B1 /* Lato-Thin.ttf in Resources */ = {isa = PBXBuildFile; fileRef = A704BD87792B4D0EB76A8E79 /* Lato-Thin.ttf */; };
		DAC291928EC2472C9774D76E /* Poppins-Medium.ttf in Resources */ = {isa = PBXBuildFile; fileRef = EBB0B1527EF6418CAED20B94 /* Poppins-Medium.ttf */; };
		E2EAFA41430941B7B42C017C /* Lato-BlackItalic.ttf in Resources */ = {isa = PBXBuildFile; fileRef = 2E77C19F770E43C1800BCC1E /* Lato-BlackItalic.ttf */; };
		EA28C22EF47E4209BB574296 /* Lato-BoldItalic.ttf in Resources */ = {isa = PBXBuildFile; fileRef = 7DD582FFDD604E3C9C548D9A /* Lato-BoldItalic.ttf */; };
		EF94C75DEE0940B085E7902E /* Poppins-Italic.ttf in Resources */ = {isa = PBXBuildFile; fileRef = 30C152D8F7D249708366C1B9 /* Poppins-Italic.ttf */; };
		F0FDA829491442C0B6AF218C /* Roboto-Italic.ttf in Resources */ = {isa = PBXBuildFile; fileRef = DA6A528D688A4E159E33C399 /* Roboto-Italic.ttf */; };
		F1E87A7BB1D54892BE1092F4 /* Roboto-Medium.ttf in Resources */ = {isa = PBXBuildFile; fileRef = A186D015C80948488A3D539E /* Roboto-Medium.ttf */; };
		F58396D9313F46AAAFEB3E32 /* Nunito-ExtraLight.ttf in Resources */ = {isa = PBXBuildFile; fileRef = AB8E26BE87CE4B2998F08CFA /* Nunito-ExtraLight.ttf */; };
		FC6F15BE639A494A8853C2EF /* Poppins-ExtraLight.ttf in Resources */ = {isa = PBXBuildFile; fileRef = DC2F4B6CD5AE4FD8AD95594C /* Poppins-ExtraLight.ttf */; };
		FD6814A8C3734F4CA691F535 /* Poppins-BlackItalic.ttf in Resources */ = {isa = PBXBuildFile; fileRef = 73CCE8B61059472DB4C9C347 /* Poppins-BlackItalic.ttf */; };
		FD9226A7DD1D4E749B6B741A /* Poppins-SemiBoldItalic.ttf in Resources */ = {isa = PBXBuildFile; fileRef = B391B93D1C7E4B0D99BC85DE /* Poppins-SemiBoldItalic.ttf */; };
/* End PBXBuildFile section */

/* Begin PBXFileReference section */
		008F07F21AC5B25A0029DE68 /* main.jsbundle */ = {isa = PBXFileReference; fileEncoding = 4; lastKnownFileType = text; path = main.jsbundle; sourceTree = "<group>"; };
		028EDB46129B4C2D8E4844AE /* Lato-Italic.ttf */ = {isa = PBXFileReference; explicitFileType = undefined; fileEncoding = 9; includeInIndex = 0; lastKnownFileType = unknown; name = "Lato-Italic.ttf"; path = "../src/assets/fonts/Lato-Italic.ttf"; sourceTree = "<group>"; };
		04F47E0CFD4F436180B456B2 /* MaterialCommunityIcons.ttf */ = {isa = PBXFileReference; explicitFileType = undefined; fileEncoding = 9; includeInIndex = 0; lastKnownFileType = unknown; name = MaterialCommunityIcons.ttf; path = "../node_modules/react-native-vector-icons/Fonts/MaterialCommunityIcons.ttf"; sourceTree = "<group>"; };
		06F9FA34570A4C6E96AEFB1F /* Lato-Bold.ttf */ = {isa = PBXFileReference; explicitFileType = undefined; fileEncoding = 9; includeInIndex = 0; lastKnownFileType = unknown; name = "Lato-Bold.ttf"; path = "../src/assets/fonts/Lato-Bold.ttf"; sourceTree = "<group>"; };
		08167CB634FC43E88C3215BF /* Poppins-Black.ttf */ = {isa = PBXFileReference; explicitFileType = undefined; fileEncoding = 9; includeInIndex = 0; lastKnownFileType = unknown; name = "Poppins-Black.ttf"; path = "../src/assets/fonts/Poppins-Black.ttf"; sourceTree = "<group>"; };
		0ABECF437D4B4934B4CF0C42 /* FontAwesome5_Solid.ttf */ = {isa = PBXFileReference; explicitFileType = undefined; fileEncoding = 9; includeInIndex = 0; lastKnownFileType = unknown; name = FontAwesome5_Solid.ttf; path = "../node_modules/react-native-vector-icons/Fonts/FontAwesome5_Solid.ttf"; sourceTree = "<group>"; };
		0C67D696A4A746DD98014135 /* Nunito-Regular.ttf */ = {isa = PBXFileReference; explicitFileType = undefined; fileEncoding = 9; includeInIndex = 0; lastKnownFileType = unknown; name = "Nunito-Regular.ttf"; path = "../src/assets/fonts/Nunito-Regular.ttf"; sourceTree = "<group>"; };
		0D471432B61C4B99BCC951DC /* Poppins-ExtraBold.ttf */ = {isa = PBXFileReference; explicitFileType = undefined; fileEncoding = 9; includeInIndex = 0; lastKnownFileType = unknown; name = "Poppins-ExtraBold.ttf"; path = "../src/assets/fonts/Poppins-ExtraBold.ttf"; sourceTree = "<group>"; };
		13B07F961A680F5B00A75B9A /* Final Project.app */ = {isa = PBXFileReference; explicitFileType = wrapper.application; includeInIndex = 0; path = "Final Project.app"; sourceTree = BUILT_PRODUCTS_DIR; };
		13B07FAF1A68108700A75B9A /* AppDelegate.h */ = {isa = PBXFileReference; fileEncoding = 4; lastKnownFileType = sourcecode.c.h; name = AppDelegate.h; path = grabservices/AppDelegate.h; sourceTree = "<group>"; };
		13B07FB01A68108700A75B9A /* AppDelegate.m */ = {isa = PBXFileReference; fileEncoding = 4; lastKnownFileType = sourcecode.c.objc; name = AppDelegate.m; path = grabservices/AppDelegate.m; sourceTree = "<group>"; };
		13B07FB21A68108700A75B9A /* Base */ = {isa = PBXFileReference; lastKnownFileType = file.xib; name = Base; path = Base.lproj/LaunchScreen.xib; sourceTree = "<group>"; };
		13B07FB51A68108700A75B9A /* Images.xcassets */ = {isa = PBXFileReference; lastKnownFileType = folder.assetcatalog; name = Images.xcassets; path = grabservices/Images.xcassets; sourceTree = "<group>"; };
		13B07FB61A68108700A75B9A /* Info.plist */ = {isa = PBXFileReference; fileEncoding = 4; lastKnownFileType = text.plist.xml; name = Info.plist; path = grabservices/Info.plist; sourceTree = "<group>"; };
		13B07FB71A68108700A75B9A /* main.m */ = {isa = PBXFileReference; fileEncoding = 4; lastKnownFileType = sourcecode.c.objc; name = main.m; path = grabservices/main.m; sourceTree = "<group>"; };
		19E9AB7F26E74C33A7CEF4C8 /* Poppins-MediumItalic.ttf */ = {isa = PBXFileReference; explicitFileType = undefined; fileEncoding = 9; includeInIndex = 0; lastKnownFileType = unknown; name = "Poppins-MediumItalic.ttf"; path = "../src/assets/fonts/Poppins-MediumItalic.ttf"; sourceTree = "<group>"; };
		1E1BA78171A84EF282ED6AF8 /* Roboto-LightItalic.ttf */ = {isa = PBXFileReference; explicitFileType = undefined; fileEncoding = 9; includeInIndex = 0; lastKnownFileType = unknown; name = "Roboto-LightItalic.ttf"; path = "../src/assets/fonts/Roboto-LightItalic.ttf"; sourceTree = "<group>"; };
		200FA91B17E742F9A1393BB8 /* FontAwesome5_Brands.ttf */ = {isa = PBXFileReference; explicitFileType = undefined; fileEncoding = 9; includeInIndex = 0; lastKnownFileType = unknown; name = FontAwesome5_Brands.ttf; path = "../node_modules/react-native-vector-icons/Fonts/FontAwesome5_Brands.ttf"; sourceTree = "<group>"; };
		2220DF38C46C4E1387FDA883 /* FontAwesome5_Regular.ttf */ = {isa = PBXFileReference; explicitFileType = undefined; fileEncoding = 9; includeInIndex = 0; lastKnownFileType = unknown; name = FontAwesome5_Regular.ttf; path = "../node_modules/react-native-vector-icons/Fonts/FontAwesome5_Regular.ttf"; sourceTree = "<group>"; };
		2260B4597E60913DCFB227FE /* libPods-grabservices.a */ = {isa = PBXFileReference; explicitFileType = archive.ar; includeInIndex = 0; path = "libPods-grabservices.a"; sourceTree = BUILT_PRODUCTS_DIR; };
		234D9BEAC95440C88D417A79 /* Poppins-LightItalic.ttf */ = {isa = PBXFileReference; explicitFileType = undefined; fileEncoding = 9; includeInIndex = 0; lastKnownFileType = unknown; name = "Poppins-LightItalic.ttf"; path = "../src/assets/fonts/Poppins-LightItalic.ttf"; sourceTree = "<group>"; };
		2B086EA489FB49C39059F178 /* Poppins-Regular.ttf */ = {isa = PBXFileReference; explicitFileType = undefined; fileEncoding = 9; includeInIndex = 0; lastKnownFileType = unknown; name = "Poppins-Regular.ttf"; path = "../src/assets/fonts/Poppins-Regular.ttf"; sourceTree = "<group>"; };
		2DF6B6424CFF47CD954C648F /* Poppins-Bold.ttf */ = {isa = PBXFileReference; explicitFileType = undefined; fileEncoding = 9; includeInIndex = 0; lastKnownFileType = unknown; name = "Poppins-Bold.ttf"; path = "../src/assets/fonts/Poppins-Bold.ttf"; sourceTree = "<group>"; };
		2E77C19F770E43C1800BCC1E /* Lato-BlackItalic.ttf */ = {isa = PBXFileReference; explicitFileType = undefined; fileEncoding = 9; includeInIndex = 0; lastKnownFileType = unknown; name = "Lato-BlackItalic.ttf"; path = "../src/assets/fonts/Lato-BlackItalic.ttf"; sourceTree = "<group>"; };
		2FE23E6799034CC68D11186C /* Nunito-ExtraBoldItalic.ttf */ = {isa = PBXFileReference; explicitFileType = undefined; fileEncoding = 9; includeInIndex = 0; lastKnownFileType = unknown; name = "Nunito-ExtraBoldItalic.ttf"; path = "../src/assets/fonts/Nunito-ExtraBoldItalic.ttf"; sourceTree = "<group>"; };
		30C152D8F7D249708366C1B9 /* Poppins-Italic.ttf */ = {isa = PBXFileReference; explicitFileType = undefined; fileEncoding = 9; includeInIndex = 0; lastKnownFileType = unknown; name = "Poppins-Italic.ttf"; path = "../src/assets/fonts/Poppins-Italic.ttf"; sourceTree = "<group>"; };
		32FAB24438074AAD8CD45778 /* Nunito-Bold.ttf */ = {isa = PBXFileReference; explicitFileType = undefined; fileEncoding = 9; includeInIndex = 0; lastKnownFileType = unknown; name = "Nunito-Bold.ttf"; path = "../src/assets/fonts/Nunito-Bold.ttf"; sourceTree = "<group>"; };
		37317F27EF974064AA31576C /* Roboto-MediumItalic.ttf */ = {isa = PBXFileReference; explicitFileType = undefined; fileEncoding = 9; includeInIndex = 0; lastKnownFileType = unknown; name = "Roboto-MediumItalic.ttf"; path = "../src/assets/fonts/Roboto-MediumItalic.ttf"; sourceTree = "<group>"; };
		374A476E122F43ED801A5E18 /* Nunito-Italic.ttf */ = {isa = PBXFileReference; explicitFileType = undefined; fileEncoding = 9; includeInIndex = 0; lastKnownFileType = unknown; name = "Nunito-Italic.ttf"; path = "../src/assets/fonts/Nunito-Italic.ttf"; sourceTree = "<group>"; };
		3855388B768280EF6199DDA9 /* Pods-grabservices.release.xcconfig */ = {isa = PBXFileReference; includeInIndex = 1; lastKnownFileType = text.xcconfig; name = "Pods-grabservices.release.xcconfig"; path = "Target Support Files/Pods-grabservices/Pods-grabservices.release.xcconfig"; sourceTree = "<group>"; };
		3B394E55D64D49069081BEF5 /* Poppins-ThinItalic.ttf */ = {isa = PBXFileReference; explicitFileType = undefined; fileEncoding = 9; includeInIndex = 0; lastKnownFileType = unknown; name = "Poppins-ThinItalic.ttf"; path = "../src/assets/fonts/Poppins-ThinItalic.ttf"; sourceTree = "<group>"; };
		406F7C57757923ADDA2479A3 /* Pods-grabservices.debug.xcconfig */ = {isa = PBXFileReference; includeInIndex = 1; lastKnownFileType = text.xcconfig; name = "Pods-grabservices.debug.xcconfig"; path = "Target Support Files/Pods-grabservices/Pods-grabservices.debug.xcconfig"; sourceTree = "<group>"; };
		431376BBCA83481B91FA7387 /* Lato-LightItalic.ttf */ = {isa = PBXFileReference; explicitFileType = undefined; fileEncoding = 9; includeInIndex = 0; lastKnownFileType = unknown; name = "Lato-LightItalic.ttf"; path = "../src/assets/fonts/Lato-LightItalic.ttf"; sourceTree = "<group>"; };
		48A86868732C497AAC04C5C2 /* Poppins-BoldItalic.ttf */ = {isa = PBXFileReference; explicitFileType = undefined; fileEncoding = 9; includeInIndex = 0; lastKnownFileType = unknown; name = "Poppins-BoldItalic.ttf"; path = "../src/assets/fonts/Poppins-BoldItalic.ttf"; sourceTree = "<group>"; };
		5584432C47584987A4CDD170 /* Roboto-ThinItalic.ttf */ = {isa = PBXFileReference; explicitFileType = undefined; fileEncoding = 9; includeInIndex = 0; lastKnownFileType = unknown; name = "Roboto-ThinItalic.ttf"; path = "../src/assets/fonts/Roboto-ThinItalic.ttf"; sourceTree = "<group>"; };
		58612F3F294448CA91822850 /* Nunito-ExtraLightItalic.ttf */ = {isa = PBXFileReference; explicitFileType = undefined; fileEncoding = 9; includeInIndex = 0; lastKnownFileType = unknown; name = "Nunito-ExtraLightItalic.ttf"; path = "../src/assets/fonts/Nunito-ExtraLightItalic.ttf"; sourceTree = "<group>"; };
		59E2DE9EE4FC499DA725D50A /* Nunito-Black.ttf */ = {isa = PBXFileReference; explicitFileType = undefined; fileEncoding = 9; includeInIndex = 0; lastKnownFileType = unknown; name = "Nunito-Black.ttf"; path = "../src/assets/fonts/Nunito-Black.ttf"; sourceTree = "<group>"; };
		6284FE5C5C44486195CCBF0F /* Roboto-Light.ttf */ = {isa = PBXFileReference; explicitFileType = undefined; fileEncoding = 9; includeInIndex = 0; lastKnownFileType = unknown; name = "Roboto-Light.ttf"; path = "../src/assets/fonts/Roboto-Light.ttf"; sourceTree = "<group>"; };
		6329D6CA427844A48C94920A /* Nunito-BlackItalic.ttf */ = {isa = PBXFileReference; explicitFileType = undefined; fileEncoding = 9; includeInIndex = 0; lastKnownFileType = unknown; name = "Nunito-BlackItalic.ttf"; path = "../src/assets/fonts/Nunito-BlackItalic.ttf"; sourceTree = "<group>"; };
		64B5E97658A0468E93623D41 /* Poppins-SemiBold.ttf */ = {isa = PBXFileReference; explicitFileType = undefined; fileEncoding = 9; includeInIndex = 0; lastKnownFileType = unknown; name = "Poppins-SemiBold.ttf"; path = "../src/assets/fonts/Poppins-SemiBold.ttf"; sourceTree = "<group>"; };
		69AA7C069618464EB54E01EB /* Zocial.ttf */ = {isa = PBXFileReference; explicitFileType = undefined; fileEncoding = 9; includeInIndex = 0; lastKnownFileType = unknown; name = Zocial.ttf; path = "../node_modules/react-native-vector-icons/Fonts/Zocial.ttf"; sourceTree = "<group>"; };
		6ACCA3400A634D00B2514E2D /* MaterialIcons.ttf */ = {isa = PBXFileReference; explicitFileType = undefined; fileEncoding = 9; includeInIndex = 0; lastKnownFileType = unknown; name = MaterialIcons.ttf; path = "../node_modules/react-native-vector-icons/Fonts/MaterialIcons.ttf"; sourceTree = "<group>"; };
		700BF88DA3D243B29BD3A8C8 /* Nunito-BoldItalic.ttf */ = {isa = PBXFileReference; explicitFileType = undefined; fileEncoding = 9; includeInIndex = 0; lastKnownFileType = unknown; name = "Nunito-BoldItalic.ttf"; path = "../src/assets/fonts/Nunito-BoldItalic.ttf"; sourceTree = "<group>"; };
		73CCE8B61059472DB4C9C347 /* Poppins-BlackItalic.ttf */ = {isa = PBXFileReference; explicitFileType = undefined; fileEncoding = 9; includeInIndex = 0; lastKnownFileType = unknown; name = "Poppins-BlackItalic.ttf"; path = "../src/assets/fonts/Poppins-BlackItalic.ttf"; sourceTree = "<group>"; };
		79A0C636C08E4BC79D978AFF /* Foundation.ttf */ = {isa = PBXFileReference; explicitFileType = undefined; fileEncoding = 9; includeInIndex = 0; lastKnownFileType = unknown; name = Foundation.ttf; path = "../node_modules/react-native-vector-icons/Fonts/Foundation.ttf"; sourceTree = "<group>"; };
		7DD582FFDD604E3C9C548D9A /* Lato-BoldItalic.ttf */ = {isa = PBXFileReference; explicitFileType = undefined; fileEncoding = 9; includeInIndex = 0; lastKnownFileType = unknown; name = "Lato-BoldItalic.ttf"; path = "../src/assets/fonts/Lato-BoldItalic.ttf"; sourceTree = "<group>"; };
		7E66AD81966B40489DA31D8F /* Poppins-ExtraLightItalic.ttf */ = {isa = PBXFileReference; explicitFileType = undefined; fileEncoding = 9; includeInIndex = 0; lastKnownFileType = unknown; name = "Poppins-ExtraLightItalic.ttf"; path = "../src/assets/fonts/Poppins-ExtraLightItalic.ttf"; sourceTree = "<group>"; };
		873FC7B9E6B65E0224A8C3DA /* libPods-grabservices-grabservicesTests.a */ = {isa = PBXFileReference; explicitFileType = archive.ar; includeInIndex = 0; path = "libPods-grabservices-grabservicesTests.a"; sourceTree = BUILT_PRODUCTS_DIR; };
		88A084BF293347F99E60F7FE /* Roboto-Regular.ttf */ = {isa = PBXFileReference; explicitFileType = undefined; fileEncoding = 9; includeInIndex = 0; lastKnownFileType = unknown; name = "Roboto-Regular.ttf"; path = "../src/assets/fonts/Roboto-Regular.ttf"; sourceTree = "<group>"; };
		8D157A6DDBAD4BE08491741A /* Lato-Regular.ttf */ = {isa = PBXFileReference; explicitFileType = undefined; fileEncoding = 9; includeInIndex = 0; lastKnownFileType = unknown; name = "Lato-Regular.ttf"; path = "../src/assets/fonts/Lato-Regular.ttf"; sourceTree = "<group>"; };
		95357406EE2E49C78C89E728 /* Oswald-Light.ttf */ = {isa = PBXFileReference; explicitFileType = undefined; fileEncoding = 9; includeInIndex = 0; lastKnownFileType = unknown; name = "Oswald-Light.ttf"; path = "../src/assets/fonts/Oswald-Light.ttf"; sourceTree = "<group>"; };
		95D8AC837ABF4B279523070F /* Oswald-SemiBold.ttf */ = {isa = PBXFileReference; explicitFileType = undefined; fileEncoding = 9; includeInIndex = 0; lastKnownFileType = unknown; name = "Oswald-SemiBold.ttf"; path = "../src/assets/fonts/Oswald-SemiBold.ttf"; sourceTree = "<group>"; };
		968BC9E802D0A912B8E94B2A /* Pods-grabservices-grabservicesTests.debug.xcconfig */ = {isa = PBXFileReference; includeInIndex = 1; lastKnownFileType = text.xcconfig; name = "Pods-grabservices-grabservicesTests.debug.xcconfig"; path = "Target Support Files/Pods-grabservices-grabservicesTests/Pods-grabservices-grabservicesTests.debug.xcconfig"; sourceTree = "<group>"; };
		9839A780AD134FD8AA7ADB61 /* Poppins-ExtraBoldItalic.ttf */ = {isa = PBXFileReference; explicitFileType = undefined; fileEncoding = 9; includeInIndex = 0; lastKnownFileType = unknown; name = "Poppins-ExtraBoldItalic.ttf"; path = "../src/assets/fonts/Poppins-ExtraBoldItalic.ttf"; sourceTree = "<group>"; };
		989CE10B88344610820E80A8 /* Roboto-BlackItalic.ttf */ = {isa = PBXFileReference; explicitFileType = undefined; fileEncoding = 9; includeInIndex = 0; lastKnownFileType = unknown; name = "Roboto-BlackItalic.ttf"; path = "../src/assets/fonts/Roboto-BlackItalic.ttf"; sourceTree = "<group>"; };
		9CABD8ADDCE7440192E564AD /* FontAwesome.ttf */ = {isa = PBXFileReference; explicitFileType = undefined; fileEncoding = 9; includeInIndex = 0; lastKnownFileType = unknown; name = FontAwesome.ttf; path = "../node_modules/react-native-vector-icons/Fonts/FontAwesome.ttf"; sourceTree = "<group>"; };
		9F217228AB4D4691B0891C49 /* Fontisto.ttf */ = {isa = PBXFileReference; explicitFileType = undefined; fileEncoding = 9; includeInIndex = 0; lastKnownFileType = unknown; name = Fontisto.ttf; path = "../node_modules/react-native-vector-icons/Fonts/Fontisto.ttf"; sourceTree = "<group>"; };
		A186D015C80948488A3D539E /* Roboto-Medium.ttf */ = {isa = PBXFileReference; explicitFileType = undefined; fileEncoding = 9; includeInIndex = 0; lastKnownFileType = unknown; name = "Roboto-Medium.ttf"; path = "../src/assets/fonts/Roboto-Medium.ttf"; sourceTree = "<group>"; };
		A2CDB49CC8B8490C9526B497 /* Roboto-Thin.ttf */ = {isa = PBXFileReference; explicitFileType = undefined; fileEncoding = 9; includeInIndex = 0; lastKnownFileType = unknown; name = "Roboto-Thin.ttf"; path = "../src/assets/fonts/Roboto-Thin.ttf"; sourceTree = "<group>"; };
		A3BDEC53D3C447DDAC308E27 /* AntDesign.ttf */ = {isa = PBXFileReference; explicitFileType = undefined; fileEncoding = 9; includeInIndex = 0; lastKnownFileType = unknown; name = AntDesign.ttf; path = "../node_modules/react-native-vector-icons/Fonts/AntDesign.ttf"; sourceTree = "<group>"; };
		A704BD87792B4D0EB76A8E79 /* Lato-Thin.ttf */ = {isa = PBXFileReference; explicitFileType = undefined; fileEncoding = 9; includeInIndex = 0; lastKnownFileType = unknown; name = "Lato-Thin.ttf"; path = "../src/assets/fonts/Lato-Thin.ttf"; sourceTree = "<group>"; };
		AA1DD23F2AE644529A75BB7F /* Poppins-Thin.ttf */ = {isa = PBXFileReference; explicitFileType = undefined; fileEncoding = 9; includeInIndex = 0; lastKnownFileType = unknown; name = "Poppins-Thin.ttf"; path = "../src/assets/fonts/Poppins-Thin.ttf"; sourceTree = "<group>"; };
		AAB94AAC167A415C873A22ED /* Roboto-Black.ttf */ = {isa = PBXFileReference; explicitFileType = undefined; fileEncoding = 9; includeInIndex = 0; lastKnownFileType = unknown; name = "Roboto-Black.ttf"; path = "../src/assets/fonts/Roboto-Black.ttf"; sourceTree = "<group>"; };
		AB8E26BE87CE4B2998F08CFA /* Nunito-ExtraLight.ttf */ = {isa = PBXFileReference; explicitFileType = undefined; fileEncoding = 9; includeInIndex = 0; lastKnownFileType = unknown; name = "Nunito-ExtraLight.ttf"; path = "../src/assets/fonts/Nunito-ExtraLight.ttf"; sourceTree = "<group>"; };
		AF6F46BCA3EA4F6CB55203C5 /* Lato-Light.ttf */ = {isa = PBXFileReference; explicitFileType = undefined; fileEncoding = 9; includeInIndex = 0; lastKnownFileType = unknown; name = "Lato-Light.ttf"; path = "../src/assets/fonts/Lato-Light.ttf"; sourceTree = "<group>"; };
		B2E30CA95E3F43FDB8360248 /* Oswald-Regular.ttf */ = {isa = PBXFileReference; explicitFileType = undefined; fileEncoding = 9; includeInIndex = 0; lastKnownFileType = unknown; name = "Oswald-Regular.ttf"; path = "../src/assets/fonts/Oswald-Regular.ttf"; sourceTree = "<group>"; };
		B391B93D1C7E4B0D99BC85DE /* Poppins-SemiBoldItalic.ttf */ = {isa = PBXFileReference; explicitFileType = undefined; fileEncoding = 9; includeInIndex = 0; lastKnownFileType = unknown; name = "Poppins-SemiBoldItalic.ttf"; path = "../src/assets/fonts/Poppins-SemiBoldItalic.ttf"; sourceTree = "<group>"; };
		B3B41A26D2124DC29CEF4594 /* SimpleLineIcons.ttf */ = {isa = PBXFileReference; explicitFileType = undefined; fileEncoding = 9; includeInIndex = 0; lastKnownFileType = unknown; name = SimpleLineIcons.ttf; path = "../node_modules/react-native-vector-icons/Fonts/SimpleLineIcons.ttf"; sourceTree = "<group>"; };
		B666E8F9C4E24189BE7D09DE /* Nunito-SemiBold.ttf */ = {isa = PBXFileReference; explicitFileType = undefined; fileEncoding = 9; includeInIndex = 0; lastKnownFileType = unknown; name = "Nunito-SemiBold.ttf"; path = "../src/assets/fonts/Nunito-SemiBold.ttf"; sourceTree = "<group>"; };
		B7457D14D6C0457288938FD1 /* Poppins-Light.ttf */ = {isa = PBXFileReference; explicitFileType = undefined; fileEncoding = 9; includeInIndex = 0; lastKnownFileType = unknown; name = "Poppins-Light.ttf"; path = "../src/assets/fonts/Poppins-Light.ttf"; sourceTree = "<group>"; };
		B780642DDF6E731326C3050F /* Pods-grabservices-grabservicesTests.release.xcconfig */ = {isa = PBXFileReference; includeInIndex = 1; lastKnownFileType = text.xcconfig; name = "Pods-grabservices-grabservicesTests.release.xcconfig"; path = "Target Support Files/Pods-grabservices-grabservicesTests/Pods-grabservices-grabservicesTests.release.xcconfig"; sourceTree = "<group>"; };
		BCEA616960484512965C2DDD /* Oswald-Medium.ttf */ = {isa = PBXFileReference; explicitFileType = undefined; fileEncoding = 9; includeInIndex = 0; lastKnownFileType = unknown; name = "Oswald-Medium.ttf"; path = "../src/assets/fonts/Oswald-Medium.ttf"; sourceTree = "<group>"; };
		BDD30DB87F9A40639A6E03EE /* Lato-ThinItalic.ttf */ = {isa = PBXFileReference; explicitFileType = undefined; fileEncoding = 9; includeInIndex = 0; lastKnownFileType = unknown; name = "Lato-ThinItalic.ttf"; path = "../src/assets/fonts/Lato-ThinItalic.ttf"; sourceTree = "<group>"; };
		BE12F92B05C24BF1B77C3521 /* Octicons.ttf */ = {isa = PBXFileReference; explicitFileType = undefined; fileEncoding = 9; includeInIndex = 0; lastKnownFileType = unknown; name = Octicons.ttf; path = "../node_modules/react-native-vector-icons/Fonts/Octicons.ttf"; sourceTree = "<group>"; };
		BE4F1C8D731F452C84DDE455 /* Roboto-BoldItalic.ttf */ = {isa = PBXFileReference; explicitFileType = undefined; fileEncoding = 9; includeInIndex = 0; lastKnownFileType = unknown; name = "Roboto-BoldItalic.ttf"; path = "../src/assets/fonts/Roboto-BoldItalic.ttf"; sourceTree = "<group>"; };
		C3AB75F7F7BC41D7BF8A5018 /* Oswald-ExtraLight.ttf */ = {isa = PBXFileReference; explicitFileType = undefined; fileEncoding = 9; includeInIndex = 0; lastKnownFileType = unknown; name = "Oswald-ExtraLight.ttf"; path = "../src/assets/fonts/Oswald-ExtraLight.ttf"; sourceTree = "<group>"; };
		C4988431858E4419B548C80F /* Oswald-Bold.ttf */ = {isa = PBXFileReference; explicitFileType = undefined; fileEncoding = 9; includeInIndex = 0; lastKnownFileType = unknown; name = "Oswald-Bold.ttf"; path = "../src/assets/fonts/Oswald-Bold.ttf"; sourceTree = "<group>"; };
		C7CC59164E0C479BA200F33E /* Roboto-Bold.ttf */ = {isa = PBXFileReference; explicitFileType = undefined; fileEncoding = 9; includeInIndex = 0; lastKnownFileType = unknown; name = "Roboto-Bold.ttf"; path = "../src/assets/fonts/Roboto-Bold.ttf"; sourceTree = "<group>"; };
		C93CC1A60D43403CA6114741 /* Ionicons.ttf */ = {isa = PBXFileReference; explicitFileType = undefined; fileEncoding = 9; includeInIndex = 0; lastKnownFileType = unknown; name = Ionicons.ttf; path = "../node_modules/react-native-vector-icons/Fonts/Ionicons.ttf"; sourceTree = "<group>"; };
		D14C7D192649726F003B99EF /* grabservices.entitlements */ = {isa = PBXFileReference; fileEncoding = 4; lastKnownFileType = text.plist.entitlements; name = grabservices.entitlements; path = grabservices/grabservices.entitlements; sourceTree = "<group>"; };
		D14C7D1A2649729A003B99EF /* GoogleService-Info.plist */ = {isa = PBXFileReference; fileEncoding = 4; lastKnownFileType = text.plist.xml; name = "GoogleService-Info.plist"; path = "grabservices/GoogleService-Info.plist"; sourceTree = "<group>"; };
		D6DFA04377204D0887C4DAAE /* Nunito-ExtraBold.ttf */ = {isa = PBXFileReference; explicitFileType = undefined; fileEncoding = 9; includeInIndex = 0; lastKnownFileType = unknown; name = "Nunito-ExtraBold.ttf"; path = "../src/assets/fonts/Nunito-ExtraBold.ttf"; sourceTree = "<group>"; };
		D7E84C1CF7DD412B8EF9C63A /* Nunito-LightItalic.ttf */ = {isa = PBXFileReference; explicitFileType = undefined; fileEncoding = 9; includeInIndex = 0; lastKnownFileType = unknown; name = "Nunito-LightItalic.ttf"; path = "../src/assets/fonts/Nunito-LightItalic.ttf"; sourceTree = "<group>"; };
		D9B41FED038E47CABFA318D0 /* Nunito-Light.ttf */ = {isa = PBXFileReference; explicitFileType = undefined; fileEncoding = 9; includeInIndex = 0; lastKnownFileType = unknown; name = "Nunito-Light.ttf"; path = "../src/assets/fonts/Nunito-Light.ttf"; sourceTree = "<group>"; };
		DA6A528D688A4E159E33C399 /* Roboto-Italic.ttf */ = {isa = PBXFileReference; explicitFileType = undefined; fileEncoding = 9; includeInIndex = 0; lastKnownFileType = unknown; name = "Roboto-Italic.ttf"; path = "../src/assets/fonts/Roboto-Italic.ttf"; sourceTree = "<group>"; };
		DC2F4B6CD5AE4FD8AD95594C /* Poppins-ExtraLight.ttf */ = {isa = PBXFileReference; explicitFileType = undefined; fileEncoding = 9; includeInIndex = 0; lastKnownFileType = unknown; name = "Poppins-ExtraLight.ttf"; path = "../src/assets/fonts/Poppins-ExtraLight.ttf"; sourceTree = "<group>"; };
		E285E0F3350D4BD28BFFF2BA /* Lato-Black.ttf */ = {isa = PBXFileReference; explicitFileType = undefined; fileEncoding = 9; includeInIndex = 0; lastKnownFileType = unknown; name = "Lato-Black.ttf"; path = "../src/assets/fonts/Lato-Black.ttf"; sourceTree = "<group>"; };
		EBB0B1527EF6418CAED20B94 /* Poppins-Medium.ttf */ = {isa = PBXFileReference; explicitFileType = undefined; fileEncoding = 9; includeInIndex = 0; lastKnownFileType = unknown; name = "Poppins-Medium.ttf"; path = "../src/assets/fonts/Poppins-Medium.ttf"; sourceTree = "<group>"; };
		ED297162215061F000B7C4FE /* JavaScriptCore.framework */ = {isa = PBXFileReference; lastKnownFileType = wrapper.framework; name = JavaScriptCore.framework; path = System/Library/Frameworks/JavaScriptCore.framework; sourceTree = SDKROOT; };
		ED2971642150620600B7C4FE /* JavaScriptCore.framework */ = {isa = PBXFileReference; lastKnownFileType = wrapper.framework; name = JavaScriptCore.framework; path = Platforms/AppleTVOS.platform/Developer/SDKs/AppleTVOS12.0.sdk/System/Library/Frameworks/JavaScriptCore.framework; sourceTree = DEVELOPER_DIR; };
		F0205282F38A4CC3B3C37B7D /* Feather.ttf */ = {isa = PBXFileReference; explicitFileType = undefined; fileEncoding = 9; includeInIndex = 0; lastKnownFileType = unknown; name = Feather.ttf; path = "../node_modules/react-native-vector-icons/Fonts/Feather.ttf"; sourceTree = "<group>"; };
		F266F54FC2714D159033C8D5 /* Entypo.ttf */ = {isa = PBXFileReference; explicitFileType = undefined; fileEncoding = 9; includeInIndex = 0; lastKnownFileType = unknown; name = Entypo.ttf; path = "../node_modules/react-native-vector-icons/Fonts/Entypo.ttf"; sourceTree = "<group>"; };
		F6C125ABB5C74419967E305D /* Nunito-SemiBoldItalic.ttf */ = {isa = PBXFileReference; explicitFileType = undefined; fileEncoding = 9; includeInIndex = 0; lastKnownFileType = unknown; name = "Nunito-SemiBoldItalic.ttf"; path = "../src/assets/fonts/Nunito-SemiBoldItalic.ttf"; sourceTree = "<group>"; };
		FB7C27EA3ADD467690BC679A /* EvilIcons.ttf */ = {isa = PBXFileReference; explicitFileType = undefined; fileEncoding = 9; includeInIndex = 0; lastKnownFileType = unknown; name = EvilIcons.ttf; path = "../node_modules/react-native-vector-icons/Fonts/EvilIcons.ttf"; sourceTree = "<group>"; };
/* End PBXFileReference section */

/* Begin PBXFrameworksBuildPhase section */
		13B07F8C1A680F5B00A75B9A /* Frameworks */ = {
			isa = PBXFrameworksBuildPhase;
			buildActionMask = 2147483647;
			files = (
				AB38DAB568D333E95440F0EF /* libPods-grabservices.a in Frameworks */,
			);
			runOnlyForDeploymentPostprocessing = 0;
		};
/* End PBXFrameworksBuildPhase section */

/* Begin PBXGroup section */
		097B50FDAB724B04A3DDB3A7 /* Resources */ = {
			isa = PBXGroup;
			children = (
				E285E0F3350D4BD28BFFF2BA /* Lato-Black.ttf */,
				2E77C19F770E43C1800BCC1E /* Lato-BlackItalic.ttf */,
				06F9FA34570A4C6E96AEFB1F /* Lato-Bold.ttf */,
				7DD582FFDD604E3C9C548D9A /* Lato-BoldItalic.ttf */,
				028EDB46129B4C2D8E4844AE /* Lato-Italic.ttf */,
				AF6F46BCA3EA4F6CB55203C5 /* Lato-Light.ttf */,
				431376BBCA83481B91FA7387 /* Lato-LightItalic.ttf */,
				8D157A6DDBAD4BE08491741A /* Lato-Regular.ttf */,
				A704BD87792B4D0EB76A8E79 /* Lato-Thin.ttf */,
				BDD30DB87F9A40639A6E03EE /* Lato-ThinItalic.ttf */,
				59E2DE9EE4FC499DA725D50A /* Nunito-Black.ttf */,
				6329D6CA427844A48C94920A /* Nunito-BlackItalic.ttf */,
				32FAB24438074AAD8CD45778 /* Nunito-Bold.ttf */,
				700BF88DA3D243B29BD3A8C8 /* Nunito-BoldItalic.ttf */,
				D6DFA04377204D0887C4DAAE /* Nunito-ExtraBold.ttf */,
				2FE23E6799034CC68D11186C /* Nunito-ExtraBoldItalic.ttf */,
				AB8E26BE87CE4B2998F08CFA /* Nunito-ExtraLight.ttf */,
				58612F3F294448CA91822850 /* Nunito-ExtraLightItalic.ttf */,
				374A476E122F43ED801A5E18 /* Nunito-Italic.ttf */,
				D9B41FED038E47CABFA318D0 /* Nunito-Light.ttf */,
				D7E84C1CF7DD412B8EF9C63A /* Nunito-LightItalic.ttf */,
				0C67D696A4A746DD98014135 /* Nunito-Regular.ttf */,
				B666E8F9C4E24189BE7D09DE /* Nunito-SemiBold.ttf */,
				F6C125ABB5C74419967E305D /* Nunito-SemiBoldItalic.ttf */,
				C4988431858E4419B548C80F /* Oswald-Bold.ttf */,
				C3AB75F7F7BC41D7BF8A5018 /* Oswald-ExtraLight.ttf */,
				95357406EE2E49C78C89E728 /* Oswald-Light.ttf */,
				BCEA616960484512965C2DDD /* Oswald-Medium.ttf */,
				B2E30CA95E3F43FDB8360248 /* Oswald-Regular.ttf */,
				95D8AC837ABF4B279523070F /* Oswald-SemiBold.ttf */,
				08167CB634FC43E88C3215BF /* Poppins-Black.ttf */,
				73CCE8B61059472DB4C9C347 /* Poppins-BlackItalic.ttf */,
				2DF6B6424CFF47CD954C648F /* Poppins-Bold.ttf */,
				48A86868732C497AAC04C5C2 /* Poppins-BoldItalic.ttf */,
				0D471432B61C4B99BCC951DC /* Poppins-ExtraBold.ttf */,
				9839A780AD134FD8AA7ADB61 /* Poppins-ExtraBoldItalic.ttf */,
				DC2F4B6CD5AE4FD8AD95594C /* Poppins-ExtraLight.ttf */,
				7E66AD81966B40489DA31D8F /* Poppins-ExtraLightItalic.ttf */,
				30C152D8F7D249708366C1B9 /* Poppins-Italic.ttf */,
				B7457D14D6C0457288938FD1 /* Poppins-Light.ttf */,
				234D9BEAC95440C88D417A79 /* Poppins-LightItalic.ttf */,
				EBB0B1527EF6418CAED20B94 /* Poppins-Medium.ttf */,
				19E9AB7F26E74C33A7CEF4C8 /* Poppins-MediumItalic.ttf */,
				2B086EA489FB49C39059F178 /* Poppins-Regular.ttf */,
				64B5E97658A0468E93623D41 /* Poppins-SemiBold.ttf */,
				B391B93D1C7E4B0D99BC85DE /* Poppins-SemiBoldItalic.ttf */,
				AA1DD23F2AE644529A75BB7F /* Poppins-Thin.ttf */,
				3B394E55D64D49069081BEF5 /* Poppins-ThinItalic.ttf */,
				AAB94AAC167A415C873A22ED /* Roboto-Black.ttf */,
				989CE10B88344610820E80A8 /* Roboto-BlackItalic.ttf */,
				C7CC59164E0C479BA200F33E /* Roboto-Bold.ttf */,
				BE4F1C8D731F452C84DDE455 /* Roboto-BoldItalic.ttf */,
				DA6A528D688A4E159E33C399 /* Roboto-Italic.ttf */,
				6284FE5C5C44486195CCBF0F /* Roboto-Light.ttf */,
				1E1BA78171A84EF282ED6AF8 /* Roboto-LightItalic.ttf */,
				A186D015C80948488A3D539E /* Roboto-Medium.ttf */,
				37317F27EF974064AA31576C /* Roboto-MediumItalic.ttf */,
				88A084BF293347F99E60F7FE /* Roboto-Regular.ttf */,
				A2CDB49CC8B8490C9526B497 /* Roboto-Thin.ttf */,
				5584432C47584987A4CDD170 /* Roboto-ThinItalic.ttf */,
				A3BDEC53D3C447DDAC308E27 /* AntDesign.ttf */,
				F266F54FC2714D159033C8D5 /* Entypo.ttf */,
				FB7C27EA3ADD467690BC679A /* EvilIcons.ttf */,
				F0205282F38A4CC3B3C37B7D /* Feather.ttf */,
				9CABD8ADDCE7440192E564AD /* FontAwesome.ttf */,
				200FA91B17E742F9A1393BB8 /* FontAwesome5_Brands.ttf */,
				2220DF38C46C4E1387FDA883 /* FontAwesome5_Regular.ttf */,
				0ABECF437D4B4934B4CF0C42 /* FontAwesome5_Solid.ttf */,
				9F217228AB4D4691B0891C49 /* Fontisto.ttf */,
				79A0C636C08E4BC79D978AFF /* Foundation.ttf */,
				C93CC1A60D43403CA6114741 /* Ionicons.ttf */,
				04F47E0CFD4F436180B456B2 /* MaterialCommunityIcons.ttf */,
				6ACCA3400A634D00B2514E2D /* MaterialIcons.ttf */,
				BE12F92B05C24BF1B77C3521 /* Octicons.ttf */,
				B3B41A26D2124DC29CEF4594 /* SimpleLineIcons.ttf */,
				69AA7C069618464EB54E01EB /* Zocial.ttf */,
			);
			name = Resources;
			sourceTree = "<group>";
		};
		13B07FAE1A68108700A75B9A /* grabservices */ = {
			isa = PBXGroup;
			children = (
				D14C7D1A2649729A003B99EF /* GoogleService-Info.plist */,
				D14C7D192649726F003B99EF /* grabservices.entitlements */,
				008F07F21AC5B25A0029DE68 /* main.jsbundle */,
				13B07FAF1A68108700A75B9A /* AppDelegate.h */,
				13B07FB01A68108700A75B9A /* AppDelegate.m */,
				13B07FB51A68108700A75B9A /* Images.xcassets */,
				13B07FB61A68108700A75B9A /* Info.plist */,
				13B07FB11A68108700A75B9A /* LaunchScreen.xib */,
				13B07FB71A68108700A75B9A /* main.m */,
			);
			name = grabservices;
			sourceTree = "<group>";
		};
		2D16E6871FA4F8E400B85C8A /* Frameworks */ = {
			isa = PBXGroup;
			children = (
				ED297162215061F000B7C4FE /* JavaScriptCore.framework */,
				ED2971642150620600B7C4FE /* JavaScriptCore.framework */,
				2260B4597E60913DCFB227FE /* libPods-grabservices.a */,
				873FC7B9E6B65E0224A8C3DA /* libPods-grabservices-grabservicesTests.a */,
			);
			name = Frameworks;
			sourceTree = "<group>";
		};
		7358429E55038F30C7041923 /* Pods */ = {
			isa = PBXGroup;
			children = (
				406F7C57757923ADDA2479A3 /* Pods-grabservices.debug.xcconfig */,
				3855388B768280EF6199DDA9 /* Pods-grabservices.release.xcconfig */,
				968BC9E802D0A912B8E94B2A /* Pods-grabservices-grabservicesTests.debug.xcconfig */,
				B780642DDF6E731326C3050F /* Pods-grabservices-grabservicesTests.release.xcconfig */,
			);
			path = Pods;
			sourceTree = "<group>";
		};
		832341AE1AAA6A7D00B99B32 /* Libraries */ = {
			isa = PBXGroup;
			children = (
			);
			name = Libraries;
			sourceTree = "<group>";
		};
		83CBB9F61A601CBA00E9B192 = {
			isa = PBXGroup;
			children = (
				13B07FAE1A68108700A75B9A /* grabservices */,
				832341AE1AAA6A7D00B99B32 /* Libraries */,
				83CBBA001A601CBA00E9B192 /* Products */,
				2D16E6871FA4F8E400B85C8A /* Frameworks */,
				7358429E55038F30C7041923 /* Pods */,
				097B50FDAB724B04A3DDB3A7 /* Resources */,
			);
			indentWidth = 2;
			sourceTree = "<group>";
			tabWidth = 2;
			usesTabs = 0;
		};
		83CBBA001A601CBA00E9B192 /* Products */ = {
			isa = PBXGroup;
			children = (
				13B07F961A680F5B00A75B9A /* Final Project.app */,
			);
			name = Products;
			sourceTree = "<group>";
		};
/* End PBXGroup section */

/* Begin PBXNativeTarget section */
		13B07F861A680F5B00A75B9A /* grabservices */ = {
			isa = PBXNativeTarget;
			buildConfigurationList = 13B07F931A680F5B00A75B9A /* Build configuration list for PBXNativeTarget "grabservices" */;
			buildPhases = (
				5BE5EA958B7E68AF31C79664 /* [CP] Check Pods Manifest.lock */,
				FD10A7F022414F080027D42C /* Start Packager */,
				13B07F871A680F5B00A75B9A /* Sources */,
				13B07F8C1A680F5B00A75B9A /* Frameworks */,
				13B07F8E1A680F5B00A75B9A /* Resources */,
				00DD1BFF1BD5951E006B06BC /* Bundle React Native code and images */,
				3F2A0CFD40E21A1D36A5AA0D /* [CP] Copy Pods Resources */,
				8959D7EF7C8ACB8C44FFB316 /* [CP-User] [RNFB] Core Configuration */,
				975F312238848E8EA23B1BEF /* [CP] Embed Pods Frameworks */,
			);
			buildRules = (
			);
			dependencies = (
			);
			name = grabservices;
			productName = grabservices;
			productReference = 13B07F961A680F5B00A75B9A /* Final Project.app */;
			productType = "com.apple.product-type.application";
		};
/* End PBXNativeTarget section */

/* Begin PBXProject section */
		83CBB9F71A601CBA00E9B192 /* Project object */ = {
			isa = PBXProject;
			attributes = {
				LastUpgradeCheck = 1130;
				TargetAttributes = {
					13B07F861A680F5B00A75B9A = {
						DevelopmentTeam = 685HK952M2;
						LastSwiftMigration = 1120;
						ProvisioningStyle = Automatic;
					};
				};
			};
			buildConfigurationList = 83CBB9FA1A601CBA00E9B192 /* Build configuration list for PBXProject "grabservices" */;
			compatibilityVersion = "Xcode 3.2";
			developmentRegion = en;
			hasScannedForEncodings = 0;
			knownRegions = (
				en,
				Base,
			);
			mainGroup = 83CBB9F61A601CBA00E9B192;
			productRefGroup = 83CBBA001A601CBA00E9B192 /* Products */;
			projectDirPath = "";
			projectRoot = "";
			targets = (
				13B07F861A680F5B00A75B9A /* grabservices */,
			);
		};
/* End PBXProject section */

/* Begin PBXResourcesBuildPhase section */
		13B07F8E1A680F5B00A75B9A /* Resources */ = {
			isa = PBXResourcesBuildPhase;
			buildActionMask = 2147483647;
			files = (
				13B07FBF1A68108700A75B9A /* Images.xcassets in Resources */,
				13B07FBD1A68108700A75B9A /* LaunchScreen.xib in Resources */,
				0F50533EDE034C89883FF6DC /* Lato-Black.ttf in Resources */,
				E2EAFA41430941B7B42C017C /* Lato-BlackItalic.ttf in Resources */,
				380BF644796B49A18E17BF39 /* Lato-Bold.ttf in Resources */,
				EA28C22EF47E4209BB574296 /* Lato-BoldItalic.ttf in Resources */,
				48513E90F40542FCBCCDF855 /* Lato-Italic.ttf in Resources */,
				CE96F04C5BF34B00BE7B40A4 /* Lato-Light.ttf in Resources */,
				A6C4F4874786409FAE2CCB85 /* Lato-LightItalic.ttf in Resources */,
				07E96E34D3F84905B1E2F63F /* Lato-Regular.ttf in Resources */,
				DA0BED0D4155415FA6E703B1 /* Lato-Thin.ttf in Resources */,
				ABFB72E725A6442B933B63C7 /* Lato-ThinItalic.ttf in Resources */,
				BF79356645B243EAB367D28B /* Nunito-Black.ttf in Resources */,
				6BA78CCE344A4DCFBF556FEB /* Nunito-BlackItalic.ttf in Resources */,
				1DD96051F0354896A7C8B50E /* Nunito-Bold.ttf in Resources */,
				C1D5C5CAE3564335990F1D82 /* Nunito-BoldItalic.ttf in Resources */,
				135FC5545EFC4C1990C0F44C /* Nunito-ExtraBold.ttf in Resources */,
				2B109D8AF17A42AEA02DD87F /* Nunito-ExtraBoldItalic.ttf in Resources */,
				F58396D9313F46AAAFEB3E32 /* Nunito-ExtraLight.ttf in Resources */,
				9801D0C471854DFFBDE6A655 /* Nunito-ExtraLightItalic.ttf in Resources */,
				D14C7D1B2649729A003B99EF /* GoogleService-Info.plist in Resources */,
				35B80A5E528B44639727F4C8 /* Nunito-Italic.ttf in Resources */,
				C1FC2B6F91D54C85A2AF79FA /* Nunito-Light.ttf in Resources */,
				A24E65429F434E5DBCD8808A /* Nunito-LightItalic.ttf in Resources */,
				C2D55C64EABB4B6FBCD75672 /* Nunito-Regular.ttf in Resources */,
				9938ACF514094B4A8AC459CF /* Nunito-SemiBold.ttf in Resources */,
				339A8CD4DB03448CBDD6260B /* Nunito-SemiBoldItalic.ttf in Resources */,
				B463BE712C7244108AB7494E /* Oswald-Bold.ttf in Resources */,
				D4AC7848916B4BB982ACFF4E /* Oswald-ExtraLight.ttf in Resources */,
				56C4F99130E44036ACF2522B /* Oswald-Light.ttf in Resources */,
				15DA2DDFDF2143648EC440AD /* Oswald-Medium.ttf in Resources */,
				24055B9D9519413CA457C406 /* Oswald-Regular.ttf in Resources */,
				61F637ABE61F4004B70D7601 /* Oswald-SemiBold.ttf in Resources */,
				1126CAC3059F46689DBAB3F2 /* Poppins-Black.ttf in Resources */,
				FD6814A8C3734F4CA691F535 /* Poppins-BlackItalic.ttf in Resources */,
				7FC75D8DC3ED4027A13BD70D /* Poppins-Bold.ttf in Resources */,
				7E8D3751665E49AC9BDA76E4 /* Poppins-BoldItalic.ttf in Resources */,
				8E671FB6219244759AE12F38 /* Poppins-ExtraBold.ttf in Resources */,
				58E8C1AB439E45E0A69CCC27 /* Poppins-ExtraBoldItalic.ttf in Resources */,
				FC6F15BE639A494A8853C2EF /* Poppins-ExtraLight.ttf in Resources */,
				008F9231B8CB47E89582FF0F /* Poppins-ExtraLightItalic.ttf in Resources */,
				EF94C75DEE0940B085E7902E /* Poppins-Italic.ttf in Resources */,
				6A705972A4F747B7A042EF54 /* Poppins-Light.ttf in Resources */,
				2DAE3BE8E4E64CB6B2C55FE4 /* Poppins-LightItalic.ttf in Resources */,
				DAC291928EC2472C9774D76E /* Poppins-Medium.ttf in Resources */,
				118D4DF1BE22471194AE86BD /* Poppins-MediumItalic.ttf in Resources */,
				5F2A041C3844466992566D70 /* Poppins-Regular.ttf in Resources */,
				6E10F90DA3E94C669DC26899 /* Poppins-SemiBold.ttf in Resources */,
				FD9226A7DD1D4E749B6B741A /* Poppins-SemiBoldItalic.ttf in Resources */,
				8B00235531CB4EBE85FC3CBF /* Poppins-Thin.ttf in Resources */,
				8013668A9FB54C5896995204 /* Poppins-ThinItalic.ttf in Resources */,
				98C702393C4D4EED9594A830 /* Roboto-Black.ttf in Resources */,
				CC654199CC854851A1556131 /* Roboto-BlackItalic.ttf in Resources */,
				502D588ECD87401382F54CC5 /* Roboto-Bold.ttf in Resources */,
				A309F072C89B4A428FD9AA9E /* Roboto-BoldItalic.ttf in Resources */,
				F0FDA829491442C0B6AF218C /* Roboto-Italic.ttf in Resources */,
				CF5459B643364D7DA7E8B24F /* Roboto-Light.ttf in Resources */,
				31F4490C113D496BBB285B0E /* Roboto-LightItalic.ttf in Resources */,
				F1E87A7BB1D54892BE1092F4 /* Roboto-Medium.ttf in Resources */,
				5BF703CCD5894865AA1269F3 /* Roboto-MediumItalic.ttf in Resources */,
				0A73B523488E46FAA89230C3 /* Roboto-Regular.ttf in Resources */,
				3BB8FD120A53449884912CC1 /* Roboto-Thin.ttf in Resources */,
				1B3A036F06B149888ECA3138 /* Roboto-ThinItalic.ttf in Resources */,
			);
			runOnlyForDeploymentPostprocessing = 0;
		};
/* End PBXResourcesBuildPhase section */

/* Begin PBXShellScriptBuildPhase section */
		00DD1BFF1BD5951E006B06BC /* Bundle React Native code and images */ = {
			isa = PBXShellScriptBuildPhase;
			buildActionMask = 2147483647;
			files = (
			);
			inputPaths = (
			);
			name = "Bundle React Native code and images";
			outputPaths = (
			);
			runOnlyForDeploymentPostprocessing = 0;
			shellPath = /bin/sh;
			shellScript = "export NODE_BINARY=node\n../node_modules/react-native/scripts/react-native-xcode.sh";
		};
		3F2A0CFD40E21A1D36A5AA0D /* [CP] Copy Pods Resources */ = {
			isa = PBXShellScriptBuildPhase;
			buildActionMask = 2147483647;
			files = (
			);
			inputPaths = (
				"${PODS_ROOT}/Target Support Files/Pods-grabservices/Pods-grabservices-resources.sh",
				"${PODS_ROOT}/GoogleMaps/Maps/Frameworks/GoogleMaps.framework/Resources/GoogleMaps.bundle",
				"${PODS_CONFIGURATION_BUILD_DIR}/RNImageCropPicker/QBImagePicker.bundle",
				"${PODS_ROOT}/../../node_modules/react-native-vector-icons/Fonts/AntDesign.ttf",
				"${PODS_ROOT}/../../node_modules/react-native-vector-icons/Fonts/Entypo.ttf",
				"${PODS_ROOT}/../../node_modules/react-native-vector-icons/Fonts/EvilIcons.ttf",
				"${PODS_ROOT}/../../node_modules/react-native-vector-icons/Fonts/Feather.ttf",
				"${PODS_ROOT}/../../node_modules/react-native-vector-icons/Fonts/FontAwesome.ttf",
				"${PODS_ROOT}/../../node_modules/react-native-vector-icons/Fonts/FontAwesome5_Brands.ttf",
				"${PODS_ROOT}/../../node_modules/react-native-vector-icons/Fonts/FontAwesome5_Regular.ttf",
				"${PODS_ROOT}/../../node_modules/react-native-vector-icons/Fonts/FontAwesome5_Solid.ttf",
				"${PODS_ROOT}/../../node_modules/react-native-vector-icons/Fonts/Fontisto.ttf",
				"${PODS_ROOT}/../../node_modules/react-native-vector-icons/Fonts/Foundation.ttf",
				"${PODS_ROOT}/../../node_modules/react-native-vector-icons/Fonts/Ionicons.ttf",
				"${PODS_ROOT}/../../node_modules/react-native-vector-icons/Fonts/MaterialCommunityIcons.ttf",
				"${PODS_ROOT}/../../node_modules/react-native-vector-icons/Fonts/MaterialIcons.ttf",
				"${PODS_ROOT}/../../node_modules/react-native-vector-icons/Fonts/Octicons.ttf",
				"${PODS_ROOT}/../../node_modules/react-native-vector-icons/Fonts/SimpleLineIcons.ttf",
				"${PODS_ROOT}/../../node_modules/react-native-vector-icons/Fonts/Zocial.ttf",
				"${PODS_CONFIGURATION_BUILD_DIR}/TOCropViewController/TOCropViewControllerBundle.bundle",
				"${PODS_CONFIGURATION_BUILD_DIR}/gRPC-C++/gRPCCertificates-Cpp.bundle",
			);
			name = "[CP] Copy Pods Resources";
			outputPaths = (
				"${TARGET_BUILD_DIR}/${UNLOCALIZED_RESOURCES_FOLDER_PATH}/GoogleMaps.bundle",
				"${TARGET_BUILD_DIR}/${UNLOCALIZED_RESOURCES_FOLDER_PATH}/QBImagePicker.bundle",
				"${TARGET_BUILD_DIR}/${UNLOCALIZED_RESOURCES_FOLDER_PATH}/AntDesign.ttf",
				"${TARGET_BUILD_DIR}/${UNLOCALIZED_RESOURCES_FOLDER_PATH}/Entypo.ttf",
				"${TARGET_BUILD_DIR}/${UNLOCALIZED_RESOURCES_FOLDER_PATH}/EvilIcons.ttf",
				"${TARGET_BUILD_DIR}/${UNLOCALIZED_RESOURCES_FOLDER_PATH}/Feather.ttf",
				"${TARGET_BUILD_DIR}/${UNLOCALIZED_RESOURCES_FOLDER_PATH}/FontAwesome.ttf",
				"${TARGET_BUILD_DIR}/${UNLOCALIZED_RESOURCES_FOLDER_PATH}/FontAwesome5_Brands.ttf",
				"${TARGET_BUILD_DIR}/${UNLOCALIZED_RESOURCES_FOLDER_PATH}/FontAwesome5_Regular.ttf",
				"${TARGET_BUILD_DIR}/${UNLOCALIZED_RESOURCES_FOLDER_PATH}/FontAwesome5_Solid.ttf",
				"${TARGET_BUILD_DIR}/${UNLOCALIZED_RESOURCES_FOLDER_PATH}/Fontisto.ttf",
				"${TARGET_BUILD_DIR}/${UNLOCALIZED_RESOURCES_FOLDER_PATH}/Foundation.ttf",
				"${TARGET_BUILD_DIR}/${UNLOCALIZED_RESOURCES_FOLDER_PATH}/Ionicons.ttf",
				"${TARGET_BUILD_DIR}/${UNLOCALIZED_RESOURCES_FOLDER_PATH}/MaterialCommunityIcons.ttf",
				"${TARGET_BUILD_DIR}/${UNLOCALIZED_RESOURCES_FOLDER_PATH}/MaterialIcons.ttf",
				"${TARGET_BUILD_DIR}/${UNLOCALIZED_RESOURCES_FOLDER_PATH}/Octicons.ttf",
				"${TARGET_BUILD_DIR}/${UNLOCALIZED_RESOURCES_FOLDER_PATH}/SimpleLineIcons.ttf",
				"${TARGET_BUILD_DIR}/${UNLOCALIZED_RESOURCES_FOLDER_PATH}/Zocial.ttf",
				"${TARGET_BUILD_DIR}/${UNLOCALIZED_RESOURCES_FOLDER_PATH}/TOCropViewControllerBundle.bundle",
				"${TARGET_BUILD_DIR}/${UNLOCALIZED_RESOURCES_FOLDER_PATH}/gRPCCertificates-Cpp.bundle",
			);
			runOnlyForDeploymentPostprocessing = 0;
			shellPath = /bin/sh;
			shellScript = "\"${PODS_ROOT}/Target Support Files/Pods-grabservices/Pods-grabservices-resources.sh\"\n";
			showEnvVarsInLog = 0;
		};
		5BE5EA958B7E68AF31C79664 /* [CP] Check Pods Manifest.lock */ = {
			isa = PBXShellScriptBuildPhase;
			buildActionMask = 2147483647;
			files = (
			);
			inputFileListPaths = (
			);
			inputPaths = (
				"${PODS_PODFILE_DIR_PATH}/Podfile.lock",
				"${PODS_ROOT}/Manifest.lock",
			);
			name = "[CP] Check Pods Manifest.lock";
			outputFileListPaths = (
			);
			outputPaths = (
				"$(DERIVED_FILE_DIR)/Pods-grabservices-checkManifestLockResult.txt",
			);
			runOnlyForDeploymentPostprocessing = 0;
			shellPath = /bin/sh;
			shellScript = "diff \"${PODS_PODFILE_DIR_PATH}/Podfile.lock\" \"${PODS_ROOT}/Manifest.lock\" > /dev/null\nif [ $? != 0 ] ; then\n    # print error to STDERR\n    echo \"error: The sandbox is not in sync with the Podfile.lock. Run 'pod install' or update your CocoaPods installation.\" >&2\n    exit 1\nfi\n# This output is used by Xcode 'outputs' to avoid re-running this script phase.\necho \"SUCCESS\" > \"${SCRIPT_OUTPUT_FILE_0}\"\n";
			showEnvVarsInLog = 0;
		};
		8959D7EF7C8ACB8C44FFB316 /* [CP-User] [RNFB] Core Configuration */ = {
			isa = PBXShellScriptBuildPhase;
			buildActionMask = 2147483647;
			files = (
			);
			inputPaths = (
				"$(SRCROOT)/$(BUILT_PRODUCTS_DIR)/$(INFOPLIST_PATH)",
			);
			name = "[CP-User] [RNFB] Core Configuration";
			runOnlyForDeploymentPostprocessing = 0;
			shellPath = /bin/sh;
			shellScript = "#!/usr/bin/env bash\n#\n# Copyright (c) 2016-present Invertase Limited & Contributors\n#\n# Licensed under the Apache License, Version 2.0 (the \"License\");\n# you may not use this library except in compliance with the License.\n# You may obtain a copy of the License at\n#\n#   http://www.apache.org/licenses/LICENSE-2.0\n#\n# Unless required by applicable law or agreed to in writing, software\n# distributed under the License is distributed on an \"AS IS\" BASIS,\n# WITHOUT WARRANTIES OR CONDITIONS OF ANY KIND, either express or implied.\n# See the License for the specific language governing permissions and\n# limitations under the License.\n#\nset -e\n\n_MAX_LOOKUPS=2;\n_SEARCH_RESULT=''\n_RN_ROOT_EXISTS=''\n_CURRENT_LOOKUPS=1\n_JSON_ROOT=\"'react-native'\"\n_JSON_FILE_NAME='firebase.json'\n_JSON_OUTPUT_BASE64='e30=' # { }\n_CURRENT_SEARCH_DIR=${PROJECT_DIR}\n_PLIST_BUDDY=/usr/libexec/PlistBuddy\n_TARGET_PLIST=\"${BUILT_PRODUCTS_DIR}/${INFOPLIST_PATH}\"\n_DSYM_PLIST=\"${DWARF_DSYM_FOLDER_PATH}/${DWARF_DSYM_FILE_NAME}/Contents/Info.plist\"\n\n# plist arrays\n_PLIST_ENTRY_KEYS=()\n_PLIST_ENTRY_TYPES=()\n_PLIST_ENTRY_VALUES=()\n\nfunction setPlistValue {\n  echo \"info:      setting plist entry '$1' of type '$2' in file '$4'\"\n  ${_PLIST_BUDDY} -c \"Add :$1 $2 '$3'\" $4 || echo \"info:      '$1' already exists\"\n}\n\nfunction getFirebaseJsonKeyValue () {\n  if [[ ${_RN_ROOT_EXISTS} ]]; then\n    ruby -e \"require 'rubygems';require 'json'; output=JSON.parse('$1'); puts output[$_JSON_ROOT]['$2']\"\n  else\n    echo \"\"\n  fi;\n}\n\nfunction jsonBoolToYesNo () {\n  if [[ $1 == \"false\" ]]; then\n    echo \"NO\"\n  elif [[ $1 == \"true\" ]]; then\n    echo \"YES\"\n  else echo \"NO\"\n  fi\n}\n\necho \"info: -> RNFB build script started\"\necho \"info: 1) Locating ${_JSON_FILE_NAME} file:\"\n\nif [[ -z ${_CURRENT_SEARCH_DIR} ]]; then\n  _CURRENT_SEARCH_DIR=$(pwd)\nfi;\n\nwhile true; do\n  _CURRENT_SEARCH_DIR=$(dirname \"$_CURRENT_SEARCH_DIR\")\n  if [[ \"$_CURRENT_SEARCH_DIR\" == \"/\" ]] || [[ ${_CURRENT_LOOKUPS} -gt ${_MAX_LOOKUPS} ]]; then break; fi;\n  echo \"info:      ($_CURRENT_LOOKUPS of $_MAX_LOOKUPS) Searching in '$_CURRENT_SEARCH_DIR' for a ${_JSON_FILE_NAME} file.\"\n  _SEARCH_RESULT=$(find \"$_CURRENT_SEARCH_DIR\" -maxdepth 2 -name ${_JSON_FILE_NAME} -print | head -n 1)\n  if [[ ${_SEARCH_RESULT} ]]; then\n    echo \"info:      ${_JSON_FILE_NAME} found at $_SEARCH_RESULT\"\n    break;\n  fi;\n  _CURRENT_LOOKUPS=$((_CURRENT_LOOKUPS+1))\ndone\n\nif [[ ${_SEARCH_RESULT} ]]; then\n  _JSON_OUTPUT_RAW=$(cat \"${_SEARCH_RESULT}\")\n  _RN_ROOT_EXISTS=$(ruby -e \"require 'rubygems';require 'json'; output=JSON.parse('$_JSON_OUTPUT_RAW'); puts output[$_JSON_ROOT]\" || echo '')\n\n  if [[ ${_RN_ROOT_EXISTS} ]]; then\n    _JSON_OUTPUT_BASE64=$(python -c 'import json,sys,base64;print(base64.b64encode(json.dumps(json.loads(open('\"'${_SEARCH_RESULT}'\"').read())['${_JSON_ROOT}'])))' || echo \"e30=\")\n  fi\n\n  _PLIST_ENTRY_KEYS+=(\"firebase_json_raw\")\n  _PLIST_ENTRY_TYPES+=(\"string\")\n  _PLIST_ENTRY_VALUES+=(\"$_JSON_OUTPUT_BASE64\")\n\n  # config.analytics_auto_collection_enabled\n  _ANALYTICS_AUTO_COLLECTION=$(getFirebaseJsonKeyValue \"$_JSON_OUTPUT_RAW\" \"analytics_auto_collection_enabled\")\n  if [[ $_ANALYTICS_AUTO_COLLECTION ]]; then\n    _PLIST_ENTRY_KEYS+=(\"FIREBASE_ANALYTICS_COLLECTION_ENABLED\")\n    _PLIST_ENTRY_TYPES+=(\"bool\")\n    _PLIST_ENTRY_VALUES+=(\"$(jsonBoolToYesNo \"$_ANALYTICS_AUTO_COLLECTION\")\")\n  fi\n\n  # config.perf_auto_collection_enabled\n  _PERF_AUTO_COLLECTION=$(getFirebaseJsonKeyValue \"$_JSON_OUTPUT_RAW\" \"perf_auto_collection_enabled\")\n  if [[ $_PERF_AUTO_COLLECTION ]]; then\n    _PLIST_ENTRY_KEYS+=(\"firebase_performance_collection_enabled\")\n    _PLIST_ENTRY_TYPES+=(\"bool\")\n    _PLIST_ENTRY_VALUES+=(\"$(jsonBoolToYesNo \"$_PERF_AUTO_COLLECTION\")\")\n  fi\n\n  # config.messaging_auto_init_enabled\n  _MESSAGING_AUTO_INIT=$(getFirebaseJsonKeyValue \"$_JSON_OUTPUT_RAW\" \"messaging_auto_init_enabled\")\n  if [[ $_MESSAGING_AUTO_INIT ]]; then\n    _PLIST_ENTRY_KEYS+=(\"FirebaseMessagingAutoInitEnabled\")\n    _PLIST_ENTRY_TYPES+=(\"bool\")\n    _PLIST_ENTRY_VALUES+=(\"$(jsonBoolToYesNo \"$_MESSAGING_AUTO_INIT\")\")\n  fi\n\n  # config.crashlytics_disable_auto_disabler - undocumented for now - mainly for debugging, document if becomes useful\n  _CRASHLYTICS_AUTO_DISABLE_ENABLED=$(getFirebaseJsonKeyValue \"$_JSON_OUTPUT_RAW\" \"crashlytics_disable_auto_disabler\")\n  if [[ $_CRASHLYTICS_AUTO_DISABLE_ENABLED == \"true\" ]]; then\n    echo \"Disabled Crashlytics auto disabler.\" # do nothing\n  else\n    _PLIST_ENTRY_KEYS+=(\"FirebaseCrashlyticsCollectionEnabled\")\n    _PLIST_ENTRY_TYPES+=(\"bool\")\n    _PLIST_ENTRY_VALUES+=(\"NO\")\n  fi\n\n  # config.admob_delay_app_measurement_init\n  _ADMOB_DELAY_APP_MEASUREMENT=$(getFirebaseJsonKeyValue \"$_JSON_OUTPUT_RAW\" \"admob_delay_app_measurement_init\")\n  if [[ $_ADMOB_DELAY_APP_MEASUREMENT == \"true\" ]]; then\n    _PLIST_ENTRY_KEYS+=(\"GADDelayAppMeasurementInit\")\n    _PLIST_ENTRY_TYPES+=(\"bool\")\n    _PLIST_ENTRY_VALUES+=(\"YES\")\n  fi\n\n  # config.admob_ios_app_id\n  _ADMOB_IOS_APP_ID=$(getFirebaseJsonKeyValue \"$_JSON_OUTPUT_RAW\" \"admob_ios_app_id\")\n  if [[ $_ADMOB_IOS_APP_ID ]]; then\n    _PLIST_ENTRY_KEYS+=(\"GADApplicationIdentifier\")\n    _PLIST_ENTRY_TYPES+=(\"string\")\n    _PLIST_ENTRY_VALUES+=(\"$_ADMOB_IOS_APP_ID\")\n  fi\nelse\n  _PLIST_ENTRY_KEYS+=(\"firebase_json_raw\")\n  _PLIST_ENTRY_TYPES+=(\"string\")\n  _PLIST_ENTRY_VALUES+=(\"$_JSON_OUTPUT_BASE64\")\n  echo \"warning:   A firebase.json file was not found, whilst this file is optional it is recommended to include it to configure firebase services in React Native Firebase.\"\nfi;\n\necho \"info: 2) Injecting Info.plist entries: \"\n\n# Log out the keys we're adding\nfor i in \"${!_PLIST_ENTRY_KEYS[@]}\"; do\n  echo \"    ->  $i) ${_PLIST_ENTRY_KEYS[$i]}\" \"${_PLIST_ENTRY_TYPES[$i]}\" \"${_PLIST_ENTRY_VALUES[$i]}\"\ndone\n\nfor plist in \"${_TARGET_PLIST}\" \"${_DSYM_PLIST}\" ; do\n  if [[ -f \"${plist}\" ]]; then\n\n    # paths with spaces break the call to setPlistValue. temporarily modify\n    # the shell internal field separator variable (IFS), which normally\n    # includes spaces, to consist only of line breaks\n    oldifs=$IFS\n    IFS=\"\n\"\n\n    for i in \"${!_PLIST_ENTRY_KEYS[@]}\"; do\n      setPlistValue \"${_PLIST_ENTRY_KEYS[$i]}\" \"${_PLIST_ENTRY_TYPES[$i]}\" \"${_PLIST_ENTRY_VALUES[$i]}\" \"${plist}\"\n    done\n\n    # restore the original internal field separator value\n    IFS=$oldifs\n  else\n    echo \"warning:   A Info.plist build output file was not found (${plist})\"\n  fi\ndone\n\necho \"info: <- RNFB build script finished\"\n";
		};
		975F312238848E8EA23B1BEF /* [CP] Embed Pods Frameworks */ = {
			isa = PBXShellScriptBuildPhase;
			buildActionMask = 2147483647;
			files = (
			);
			inputPaths = (
				"${PODS_ROOT}/Target Support Files/Pods-grabservices/Pods-grabservices-frameworks.sh",
				"${PODS_XCFRAMEWORKS_BUILD_DIR}/OpenSSL/OpenSSL.framework/OpenSSL",
			);
			name = "[CP] Embed Pods Frameworks";
			outputPaths = (
				"${TARGET_BUILD_DIR}/${FRAMEWORKS_FOLDER_PATH}/OpenSSL.framework",
			);
			runOnlyForDeploymentPostprocessing = 0;
			shellPath = /bin/sh;
			shellScript = "\"${PODS_ROOT}/Target Support Files/Pods-grabservices/Pods-grabservices-frameworks.sh\"\n";
			showEnvVarsInLog = 0;
		};
		FD10A7F022414F080027D42C /* Start Packager */ = {
			isa = PBXShellScriptBuildPhase;
			buildActionMask = 2147483647;
			files = (
			);
			inputFileListPaths = (
			);
			inputPaths = (
			);
			name = "Start Packager";
			outputFileListPaths = (
			);
			outputPaths = (
			);
			runOnlyForDeploymentPostprocessing = 0;
			shellPath = /bin/sh;
			shellScript = "export RCT_METRO_PORT=\"${RCT_METRO_PORT:=8081}\"\necho \"export RCT_METRO_PORT=${RCT_METRO_PORT}\" > \"${SRCROOT}/../node_modules/react-native/scripts/.packager.env\"\nif [ -z \"${RCT_NO_LAUNCH_PACKAGER+xxx}\" ] ; then\n  if nc -w 5 -z localhost ${RCT_METRO_PORT} ; then\n    if ! curl -s \"http://localhost:${RCT_METRO_PORT}/status\" | grep -q \"packager-status:running\" ; then\n      echo \"Port ${RCT_METRO_PORT} already in use, packager is either not running or not running correctly\"\n      exit 2\n    fi\n  else\n    open \"$SRCROOT/../node_modules/react-native/scripts/launchPackager.command\" || echo \"Can't start packager automatically\"\n  fi\nfi\n";
			showEnvVarsInLog = 0;
		};
/* End PBXShellScriptBuildPhase section */

/* Begin PBXSourcesBuildPhase section */
		13B07F871A680F5B00A75B9A /* Sources */ = {
			isa = PBXSourcesBuildPhase;
			buildActionMask = 2147483647;
			files = (
				13B07FBC1A68108700A75B9A /* AppDelegate.m in Sources */,
				13B07FC11A68108700A75B9A /* main.m in Sources */,
			);
			runOnlyForDeploymentPostprocessing = 0;
		};
/* End PBXSourcesBuildPhase section */

/* Begin PBXVariantGroup section */
		13B07FB11A68108700A75B9A /* LaunchScreen.xib */ = {
			isa = PBXVariantGroup;
			children = (
				13B07FB21A68108700A75B9A /* Base */,
			);
			name = LaunchScreen.xib;
			path = grabservices;
			sourceTree = "<group>";
		};
/* End PBXVariantGroup section */

/* Begin XCBuildConfiguration section */
		13B07F941A680F5B00A75B9A /* Debug */ = {
			isa = XCBuildConfiguration;
			baseConfigurationReference = 406F7C57757923ADDA2479A3 /* Pods-grabservices.debug.xcconfig */;
			buildSettings = {
				ASSETCATALOG_COMPILER_APPICON_NAME = AppIcon;
				CLANG_ENABLE_MODULES = YES;
				CODE_SIGN_ENTITLEMENTS = "grabservices/grabservices.entitlements";
				CODE_SIGN_IDENTITY = "Apple Development";
				CODE_SIGN_STYLE = Automatic;
				CURRENT_PROJECT_VERSION = 1;
				DEVELOPMENT_TEAM = 685HK952M2;
				ENABLE_BITCODE = NO;
				GCC_PREPROCESSOR_DEFINITIONS = (
					"$(inherited)",
					"FB_SONARKIT_ENABLED=1",
				);
				INFOPLIST_FILE = grabservices/Info.plist;
				LD_RUNPATH_SEARCH_PATHS = "$(inherited) @executable_path/Frameworks";
				OTHER_LDFLAGS = (
					"$(inherited)",
					"-ObjC",
					"-lc++",
				);
				PRODUCT_BUNDLE_IDENTIFIER = vn.softech.grabservices;
				PRODUCT_NAME = "Final Project";
				PROVISIONING_PROFILE_SPECIFIER = "";
				SWIFT_OPTIMIZATION_LEVEL = "-Onone";
				SWIFT_VERSION = 5.0;
				VERSIONING_SYSTEM = "apple-generic";
			};
			name = Debug;
		};
		13B07F951A680F5B00A75B9A /* Release */ = {
			isa = XCBuildConfiguration;
			baseConfigurationReference = 3855388B768280EF6199DDA9 /* Pods-grabservices.release.xcconfig */;
			buildSettings = {
				ASSETCATALOG_COMPILER_APPICON_NAME = AppIcon;
				CLANG_ENABLE_MODULES = YES;
				CODE_SIGN_ENTITLEMENTS = "grabservices/grabservices.entitlements";
				CODE_SIGN_IDENTITY = "Apple Development";
				CODE_SIGN_STYLE = Automatic;
				CURRENT_PROJECT_VERSION = 1;
				DEVELOPMENT_TEAM = 685HK952M2;
				INFOPLIST_FILE = grabservices/Info.plist;
				LD_RUNPATH_SEARCH_PATHS = "$(inherited) @executable_path/Frameworks";
				OTHER_LDFLAGS = (
					"$(inherited)",
					"-ObjC",
					"-lc++",
				);
				PRODUCT_BUNDLE_IDENTIFIER = vn.softech.grabservices;
				PRODUCT_NAME = "Final Project";
				PROVISIONING_PROFILE_SPECIFIER = "";
				SWIFT_VERSION = 5.0;
				VERSIONING_SYSTEM = "apple-generic";
			};
			name = Release;
		};
		83CBBA201A601CBA00E9B192 /* Debug */ = {
			isa = XCBuildConfiguration;
			buildSettings = {
				ALWAYS_SEARCH_USER_PATHS = NO;
				CLANG_ANALYZER_LOCALIZABILITY_NONLOCALIZED = YES;
				CLANG_CXX_LANGUAGE_STANDARD = "gnu++0x";
				CLANG_CXX_LIBRARY = "libc++";
				CLANG_ENABLE_MODULES = YES;
				CLANG_ENABLE_OBJC_ARC = YES;
				CLANG_WARN_BLOCK_CAPTURE_AUTORELEASING = YES;
				CLANG_WARN_BOOL_CONVERSION = YES;
				CLANG_WARN_COMMA = YES;
				CLANG_WARN_CONSTANT_CONVERSION = YES;
				CLANG_WARN_DEPRECATED_OBJC_IMPLEMENTATIONS = YES;
				CLANG_WARN_DIRECT_OBJC_ISA_USAGE = YES_ERROR;
				CLANG_WARN_EMPTY_BODY = YES;
				CLANG_WARN_ENUM_CONVERSION = YES;
				CLANG_WARN_INFINITE_RECURSION = YES;
				CLANG_WARN_INT_CONVERSION = YES;
				CLANG_WARN_NON_LITERAL_NULL_CONVERSION = YES;
				CLANG_WARN_OBJC_IMPLICIT_RETAIN_SELF = YES;
				CLANG_WARN_OBJC_LITERAL_CONVERSION = YES;
				CLANG_WARN_OBJC_ROOT_CLASS = YES_ERROR;
				CLANG_WARN_RANGE_LOOP_ANALYSIS = YES;
				CLANG_WARN_STRICT_PROTOTYPES = YES;
				CLANG_WARN_SUSPICIOUS_MOVE = YES;
				CLANG_WARN_UNREACHABLE_CODE = YES;
				CLANG_WARN__DUPLICATE_METHOD_MATCH = YES;
				"CODE_SIGN_IDENTITY[sdk=iphoneos*]" = "iPhone Developer";
				COPY_PHASE_STRIP = NO;
				ENABLE_STRICT_OBJC_MSGSEND = YES;
				ENABLE_TESTABILITY = YES;
				GCC_C_LANGUAGE_STANDARD = gnu99;
				GCC_DYNAMIC_NO_PIC = NO;
				GCC_NO_COMMON_BLOCKS = YES;
				GCC_OPTIMIZATION_LEVEL = 0;
				GCC_PREPROCESSOR_DEFINITIONS = (
					"DEBUG=1",
					"$(inherited)",
				);
				GCC_SYMBOLS_PRIVATE_EXTERN = NO;
				GCC_WARN_64_TO_32_BIT_CONVERSION = YES;
				GCC_WARN_ABOUT_RETURN_TYPE = YES_ERROR;
				GCC_WARN_UNDECLARED_SELECTOR = YES;
				GCC_WARN_UNINITIALIZED_AUTOS = YES_AGGRESSIVE;
				GCC_WARN_UNUSED_FUNCTION = YES;
				GCC_WARN_UNUSED_VARIABLE = YES;
				IPHONEOS_DEPLOYMENT_TARGET = 9.0;
				LD_RUNPATH_SEARCH_PATHS = "/usr/lib/swift $(inherited)";
				LIBRARY_SEARCH_PATHS = (
					"\"$(TOOLCHAIN_DIR)/usr/lib/swift/$(PLATFORM_NAME)\"",
					"\"$(TOOLCHAIN_DIR)/usr/lib/swift-5.0/$(PLATFORM_NAME)\"",
					"\"$(inherited)\"",
				);
				MTL_ENABLE_DEBUG_INFO = YES;
				ONLY_ACTIVE_ARCH = YES;
				SDKROOT = iphoneos;
			};
			name = Debug;
		};
		83CBBA211A601CBA00E9B192 /* Release */ = {
			isa = XCBuildConfiguration;
			buildSettings = {
				ALWAYS_SEARCH_USER_PATHS = NO;
				CLANG_ANALYZER_LOCALIZABILITY_NONLOCALIZED = YES;
				CLANG_CXX_LANGUAGE_STANDARD = "gnu++0x";
				CLANG_CXX_LIBRARY = "libc++";
				CLANG_ENABLE_MODULES = YES;
				CLANG_ENABLE_OBJC_ARC = YES;
				CLANG_WARN_BLOCK_CAPTURE_AUTORELEASING = YES;
				CLANG_WARN_BOOL_CONVERSION = YES;
				CLANG_WARN_COMMA = YES;
				CLANG_WARN_CONSTANT_CONVERSION = YES;
				CLANG_WARN_DEPRECATED_OBJC_IMPLEMENTATIONS = YES;
				CLANG_WARN_DIRECT_OBJC_ISA_USAGE = YES_ERROR;
				CLANG_WARN_EMPTY_BODY = YES;
				CLANG_WARN_ENUM_CONVERSION = YES;
				CLANG_WARN_INFINITE_RECURSION = YES;
				CLANG_WARN_INT_CONVERSION = YES;
				CLANG_WARN_NON_LITERAL_NULL_CONVERSION = YES;
				CLANG_WARN_OBJC_IMPLICIT_RETAIN_SELF = YES;
				CLANG_WARN_OBJC_LITERAL_CONVERSION = YES;
				CLANG_WARN_OBJC_ROOT_CLASS = YES_ERROR;
				CLANG_WARN_RANGE_LOOP_ANALYSIS = YES;
				CLANG_WARN_STRICT_PROTOTYPES = YES;
				CLANG_WARN_SUSPICIOUS_MOVE = YES;
				CLANG_WARN_UNREACHABLE_CODE = YES;
				CLANG_WARN__DUPLICATE_METHOD_MATCH = YES;
				"CODE_SIGN_IDENTITY[sdk=iphoneos*]" = "iPhone Developer";
				COPY_PHASE_STRIP = YES;
				ENABLE_NS_ASSERTIONS = NO;
				ENABLE_STRICT_OBJC_MSGSEND = YES;
				GCC_C_LANGUAGE_STANDARD = gnu99;
				GCC_NO_COMMON_BLOCKS = YES;
				GCC_WARN_64_TO_32_BIT_CONVERSION = YES;
				GCC_WARN_ABOUT_RETURN_TYPE = YES_ERROR;
				GCC_WARN_UNDECLARED_SELECTOR = YES;
				GCC_WARN_UNINITIALIZED_AUTOS = YES_AGGRESSIVE;
				GCC_WARN_UNUSED_FUNCTION = YES;
				GCC_WARN_UNUSED_VARIABLE = YES;
				IPHONEOS_DEPLOYMENT_TARGET = 9.0;
				LD_RUNPATH_SEARCH_PATHS = "/usr/lib/swift $(inherited)";
				LIBRARY_SEARCH_PATHS = (
					"\"$(TOOLCHAIN_DIR)/usr/lib/swift/$(PLATFORM_NAME)\"",
					"\"$(TOOLCHAIN_DIR)/usr/lib/swift-5.0/$(PLATFORM_NAME)\"",
					"\"$(inherited)\"",
				);
				MTL_ENABLE_DEBUG_INFO = NO;
				SDKROOT = iphoneos;
				VALIDATE_PRODUCT = YES;
			};
			name = Release;
		};
/* End XCBuildConfiguration section */

/* Begin XCConfigurationList section */
		13B07F931A680F5B00A75B9A /* Build configuration list for PBXNativeTarget "grabservices" */ = {
			isa = XCConfigurationList;
			buildConfigurations = (
				13B07F941A680F5B00A75B9A /* Debug */,
				13B07F951A680F5B00A75B9A /* Release */,
			);
			defaultConfigurationIsVisible = 0;
			defaultConfigurationName = Release;
		};
		83CBB9FA1A601CBA00E9B192 /* Build configuration list for PBXProject "grabservices" */ = {
			isa = XCConfigurationList;
			buildConfigurations = (
				83CBBA201A601CBA00E9B192 /* Debug */,
				83CBBA211A601CBA00E9B192 /* Release */,
			);
			defaultConfigurationIsVisible = 0;
			defaultConfigurationName = Release;
		};
/* End XCConfigurationList section */
	};
	rootObject = 83CBB9F71A601CBA00E9B192 /* Project object */;
}
